// !$*UTF8*$!
{
	archiveVersion = 1;
	classes = {
	};
	objectVersion = 46;
	objects = {

/* Begin PBXBuildFile section */
		F313F9A41B7FB888006F5CF5 /* AnimationSystem.c in Sources */ = {isa = PBXBuildFile; fileRef = F313F9A21B7FB888006F5CF5 /* AnimationSystem.c */; };
		F313F9A71B804EEC006F5CF5 /* AnimationKeyframeComponent.c in Sources */ = {isa = PBXBuildFile; fileRef = F313F9A51B804EEC006F5CF5 /* AnimationKeyframeComponent.c */; };
		F313F9AC1B80B95A006F5CF5 /* AnimationComponent.c in Sources */ = {isa = PBXBuildFile; fileRef = F313F9AB1B80B95A006F5CF5 /* AnimationComponent.c */; };
		F313F9AF1B80E24B006F5CF5 /* AnimationInterpolateComponent.c in Sources */ = {isa = PBXBuildFile; fileRef = F313F9AD1B80E24B006F5CF5 /* AnimationInterpolateComponent.c */; };
		F32393F71A572155007BD168 /* libChipmunk-Mac.a in Frameworks */ = {isa = PBXBuildFile; fileRef = F32393CB1A572148007BD168 /* libChipmunk-Mac.a */; };
		F3511D381A9B31CE006893F9 /* CommonC.framework in Frameworks */ = {isa = PBXBuildFile; fileRef = F3F5D68E1A56F5DA006D7F16 /* CommonC.framework */; };
		F3511D631A9B372A006893F9 /* EntityManager.c in Sources */ = {isa = PBXBuildFile; fileRef = F3511D621A9B372A006893F9 /* EntityManager.c */; };
		F35CD6C61B3DDBFD0032E3A7 /* EntityManagerTests.m in Sources */ = {isa = PBXBuildFile; fileRef = F35CD6C51B3DDBFD0032E3A7 /* EntityManagerTests.m */; };
		F35CD6F11B3EB8130032E3A7 /* EngineSetup.c in Sources */ = {isa = PBXBuildFile; fileRef = F35CD6EF1B3EB8130032E3A7 /* EngineSetup.c */; };
		F35CD6F51B3EC62E0032E3A7 /* RenderSystem.c in Sources */ = {isa = PBXBuildFile; fileRef = F35CD6F31B3EC62E0032E3A7 /* RenderSystem.c */; };
		F35CD6FA1B3F034F0032E3A7 /* RenderComponent.c in Sources */ = {isa = PBXBuildFile; fileRef = F35CD6F81B3F034F0032E3A7 /* RenderComponent.c */; };
		F376994E1C1023C200F24A44 /* MathExpressions.c in Sources */ = {isa = PBXBuildFile; fileRef = F376994D1C1023C200F24A44 /* MathExpressions.c */; settings = {ASSET_TAGS = (); }; };
		F37699781C10262400F24A44 /* ProjectExpressions.c in Sources */ = {isa = PBXBuildFile; fileRef = F37699771C10262400F24A44 /* ProjectExpressions.c */; settings = {ASSET_TAGS = (); }; };
		F376997B1C1053C400F24A44 /* IOExpressions.c in Sources */ = {isa = PBXBuildFile; fileRef = F37699791C1053C400F24A44 /* IOExpressions.c */; settings = {ASSET_TAGS = (); }; };
		F376997E1C105C7800F24A44 /* EqualityExpressions.c in Sources */ = {isa = PBXBuildFile; fileRef = F376997C1C105C7800F24A44 /* EqualityExpressions.c */; settings = {ASSET_TAGS = (); }; };
		F37699811C105DA700F24A44 /* ControlFlowExpressions.c in Sources */ = {isa = PBXBuildFile; fileRef = F376997F1C105DA700F24A44 /* ControlFlowExpressions.c */; settings = {ASSET_TAGS = (); }; };
		F37699841C11113D00F24A44 /* WindowExpressions.c in Sources */ = {isa = PBXBuildFile; fileRef = F37699821C11113D00F24A44 /* WindowExpressions.c */; settings = {ASSET_TAGS = (); }; };
		F37699BF1C118B9000F24A44 /* ColourFormat.c in Sources */ = {isa = PBXBuildFile; fileRef = F37699BE1C118B9000F24A44 /* ColourFormat.c */; settings = {ASSET_TAGS = (); }; };
		F37699F11C11DE3300F24A44 /* ColourFormatTests.m in Sources */ = {isa = PBXBuildFile; fileRef = F37699F01C11DE3300F24A44 /* ColourFormatTests.m */; settings = {ASSET_TAGS = (); }; };
		F39797091A5C77A0007C3422 /* Component.c in Sources */ = {isa = PBXBuildFile; fileRef = F39797081A5C77A0007C3422 /* Component.c */; };
		F397970C1A5C7CF7007C3422 /* ComponentSystem.c in Sources */ = {isa = PBXBuildFile; fileRef = F397970B1A5C7CF7007C3422 /* ComponentSystem.c */; };
		F3996F9E1B5B38040065F7DB /* InputMapControllerButtonComponent.c in Sources */ = {isa = PBXBuildFile; fileRef = F3996F9C1B5B38040065F7DB /* InputMapControllerButtonComponent.c */; };
		F39E23C61BFF63FB00DB0B71 /* CommonC.framework in Copy Frameworks */ = {isa = PBXBuildFile; fileRef = F3F5D68E1A56F5DA006D7F16 /* CommonC.framework */; settings = {ATTRIBUTES = (CodeSignOnCopy, RemoveHeadersOnCopy, ); }; };
		F39E26701BFF6F5900DB0B71 /* libchibi-scheme.dylib in Frameworks */ = {isa = PBXBuildFile; fileRef = F39E266F1BFF6F5900DB0B71 /* libchibi-scheme.dylib */; settings = {ASSET_TAGS = (); }; };
		F39E26711BFF6F6900DB0B71 /* libchibi-scheme.dylib in Copy Frameworks */ = {isa = PBXBuildFile; fileRef = F39E266F1BFF6F5900DB0B71 /* libchibi-scheme.dylib */; settings = {ATTRIBUTES = (CodeSignOnCopy, ); }; };
		F3AE99431A725AC500212838 /* ComponentSystemTests.m in Sources */ = {isa = PBXBuildFile; fileRef = F3AE99421A725AC500212838 /* ComponentSystemTests.m */; };
		F3AE99711A73E2F000212838 /* Entity.c in Sources */ = {isa = PBXBuildFile; fileRef = F3AE996F1A73E2F000212838 /* Entity.c */; };
		F3AE99B61A750D6500212838 /* EntityTests.m in Sources */ = {isa = PBXBuildFile; fileRef = F3AE99B51A750D6500212838 /* EntityTests.m */; };
		F3BD17741C00857800B3849E /* Expression.c in Sources */ = {isa = PBXBuildFile; fileRef = F3BD17721C00857800B3849E /* Expression.c */; settings = {ASSET_TAGS = (); }; };
		F3BD17781C00B35E00B3849E /* ExpressionEvaluator.c in Sources */ = {isa = PBXBuildFile; fileRef = F3BD17761C00B35E00B3849E /* ExpressionEvaluator.c */; settings = {ASSET_TAGS = (); }; };
		F3BD177C1C00DB5600B3849E /* ExpressionSetup.c in Sources */ = {isa = PBXBuildFile; fileRef = F3BD177A1C00DB5600B3849E /* ExpressionSetup.c */; settings = {ASSET_TAGS = (); }; };
		F3BD17851C00FDC200B3849E /* Configuration.c in Sources */ = {isa = PBXBuildFile; fileRef = F3BD17831C00FDC200B3849E /* Configuration.c */; settings = {ASSET_TAGS = (); }; };
		F3BD17BD1C02B67900B3849E /* Project.c in Sources */ = {isa = PBXBuildFile; fileRef = F3BD17BB1C02B67900B3849E /* Project.c */; settings = {ASSET_TAGS = (); }; };
		F3C020181B4ED68D00F546E7 /* InputMapGroupComponent.c in Sources */ = {isa = PBXBuildFile; fileRef = F3C020161B4ED68D00F546E7 /* InputMapGroupComponent.c */; };
		F3C020461B4F375E00F546E7 /* Mouse.c in Sources */ = {isa = PBXBuildFile; fileRef = F3C020441B4F375E00F546E7 /* Mouse.c */; };
		F3C0204D1B50A33400F546E7 /* InputMapMousePositionComponent.c in Sources */ = {isa = PBXBuildFile; fileRef = F3C0204B1B50A33400F546E7 /* InputMapMousePositionComponent.c */; };
		F3C020561B50DCDE00F546E7 /* InputMapMouseDropComponent.c in Sources */ = {isa = PBXBuildFile; fileRef = F3C020541B50DCDE00F546E7 /* InputMapMouseDropComponent.c */; };
		F3C020591B50DD1E00F546E7 /* InputMapMouseButtonComponent.c in Sources */ = {isa = PBXBuildFile; fileRef = F3C020571B50DD1E00F546E7 /* InputMapMouseButtonComponent.c */; };
		F3C0205C1B50DD3400F546E7 /* InputMapMouseScrollComponent.c in Sources */ = {isa = PBXBuildFile; fileRef = F3C0205A1B50DD3400F546E7 /* InputMapMouseScrollComponent.c */; };
		F3C020931B51D32600F546E7 /* Controller.c in Sources */ = {isa = PBXBuildFile; fileRef = F3C020911B51D32600F546E7 /* Controller.c */; };
		F3C020971B52181F00F546E7 /* InputMapControllerAxesComponent.c in Sources */ = {isa = PBXBuildFile; fileRef = F3C020951B52181F00F546E7 /* InputMapControllerAxesComponent.c */; };
		F3C0209A1B5375A200F546E7 /* InputMapControllerComponent.c in Sources */ = {isa = PBXBuildFile; fileRef = F3C020981B5375A200F546E7 /* InputMapControllerComponent.c */; };
		F3E814A91B4801DF00AD5D10 /* Keyboard.c in Sources */ = {isa = PBXBuildFile; fileRef = F3E814A71B4801DF00AD5D10 /* Keyboard.c */; };
		F3E814D41B48116A00AD5D10 /* InputMapKeyboardComponent.c in Sources */ = {isa = PBXBuildFile; fileRef = F3E814D21B48116A00AD5D10 /* InputMapKeyboardComponent.c */; };
		F3E84D551B45A3730082E510 /* InputSystem.c in Sources */ = {isa = PBXBuildFile; fileRef = F3E84D531B45A3730082E510 /* InputSystem.c */; };
		F3F5D6381A56E8B4006D7F16 /* Images.xcassets in Resources */ = {isa = PBXBuildFile; fileRef = F3F5D6341A56E8B4006D7F16 /* Images.xcassets */; };
		F3F5D6811A56F4A9006D7F16 /* main.c in Sources */ = {isa = PBXBuildFile; fileRef = F3F5D6801A56F4A9006D7F16 /* main.c */; };
		F3F5D68F1A56F5DA006D7F16 /* CommonC.framework in Frameworks */ = {isa = PBXBuildFile; fileRef = F3F5D68E1A56F5DA006D7F16 /* CommonC.framework */; };
		F3F5D6971A56F73E006D7F16 /* tinycthread.c in Sources */ = {isa = PBXBuildFile; fileRef = F3F5D6951A56F73E006D7F16 /* tinycthread.c */; };
		F3F5D6F11A56FC70006D7F16 /* libglfw3.a in Frameworks */ = {isa = PBXBuildFile; fileRef = F3F5D6BC1A56FBDC006D7F16 /* libglfw3.a */; };
		F3F5D6FA1A5700F3006D7F16 /* CoreVideo.framework in Frameworks */ = {isa = PBXBuildFile; fileRef = F3F5D6F81A5700B3006D7F16 /* CoreVideo.framework */; };
		F3F5D6FB1A5700F3006D7F16 /* IOKit.framework in Frameworks */ = {isa = PBXBuildFile; fileRef = F3F5D6F61A5700AB006D7F16 /* IOKit.framework */; };
		F3F5D6FC1A5700F3006D7F16 /* OpenGL.framework in Frameworks */ = {isa = PBXBuildFile; fileRef = F3F5D6F41A570099006D7F16 /* OpenGL.framework */; };
		F3F5D6FD1A5700F3006D7F16 /* Cocoa.framework in Frameworks */ = {isa = PBXBuildFile; fileRef = F3F5D6F21A570093006D7F16 /* Cocoa.framework */; };
		F3F696D51A5D047400E486B5 /* ComponentTests.m in Sources */ = {isa = PBXBuildFile; fileRef = F3F696D41A5D047400E486B5 /* ComponentTests.m */; };
		F3F6C4791A599A2300B9D6BA /* PlatformSetup_mac.m in Sources */ = {isa = PBXBuildFile; fileRef = F3F6C4781A599A2300B9D6BA /* PlatformSetup_mac.m */; };
/* End PBXBuildFile section */

/* Begin PBXContainerItemProxy section */
		F32393C81A572148007BD168 /* PBXContainerItemProxy */ = {
			isa = PBXContainerItemProxy;
			containerPortal = F32393BE1A572148007BD168 /* Chipmunk7.xcodeproj */;
			proxyType = 2;
			remoteGlobalIDString = D3E5F0490AA32FDE004E361B;
			remoteInfo = ChipmunkDemo;
		};
		F32393CA1A572148007BD168 /* PBXContainerItemProxy */ = {
			isa = PBXContainerItemProxy;
			containerPortal = F32393BE1A572148007BD168 /* Chipmunk7.xcodeproj */;
			proxyType = 2;
			remoteGlobalIDString = D34963BB0B56CAA300CAD239;
			remoteInfo = ChipmunkStatic;
		};
		F32393CC1A572148007BD168 /* PBXContainerItemProxy */ = {
			isa = PBXContainerItemProxy;
			containerPortal = F32393BE1A572148007BD168 /* Chipmunk7.xcodeproj */;
			proxyType = 2;
			remoteGlobalIDString = D3C3787A11063B1B003EF1D9;
			remoteInfo = "ChipmunkStatic-iPhone";
		};
		F32393CE1A572148007BD168 /* PBXContainerItemProxy */ = {
			isa = PBXContainerItemProxy;
			containerPortal = F32393BE1A572148007BD168 /* Chipmunk7.xcodeproj */;
			proxyType = 2;
			remoteGlobalIDString = D39ECD8617ED70D900319DBA;
			remoteInfo = "Benchmark iPhone";
		};
		F32393D01A572148007BD168 /* PBXContainerItemProxy */ = {
			isa = PBXContainerItemProxy;
			containerPortal = F32393BE1A572148007BD168 /* Chipmunk7.xcodeproj */;
			proxyType = 2;
			remoteGlobalIDString = D309B21317EFE2EF00AA52C8;
			remoteInfo = "ObjectiveChipmunk-iPhone";
		};
		F32393D21A572148007BD168 /* PBXContainerItemProxy */ = {
			isa = PBXContainerItemProxy;
			containerPortal = F32393BE1A572148007BD168 /* Chipmunk7.xcodeproj */;
			proxyType = 2;
			remoteGlobalIDString = D309B22017EFE2EF00AA52C8;
			remoteInfo = ObjectiveChipmunkTests;
		};
		F32393D41A572148007BD168 /* PBXContainerItemProxy */ = {
			isa = PBXContainerItemProxy;
			containerPortal = F32393BE1A572148007BD168 /* Chipmunk7.xcodeproj */;
			proxyType = 2;
			remoteGlobalIDString = D333C5F018639A0500BBC4FF;
			remoteInfo = ObjectiveChipmunk;
		};
		F3C401EA1A56E52800095ECD /* PBXContainerItemProxy */ = {
			isa = PBXContainerItemProxy;
			containerPortal = F3C401CE1A56E52800095ECD /* Project object */;
			proxyType = 1;
			remoteGlobalIDString = F3C401D51A56E52800095ECD;
			remoteInfo = "Blob Game";
		};
		F3F5D68A1A56F562006D7F16 /* PBXContainerItemProxy */ = {
			isa = PBXContainerItemProxy;
			containerPortal = F3F5D6821A56F562006D7F16 /* Common.xcodeproj */;
			proxyType = 2;
			remoteGlobalIDString = F362022D17AC3FD900153E85;
			remoteInfo = Common;
		};
		F3F5D68C1A56F562006D7F16 /* PBXContainerItemProxy */ = {
			isa = PBXContainerItemProxy;
			containerPortal = F3F5D6821A56F562006D7F16 /* Common.xcodeproj */;
			proxyType = 2;
			remoteGlobalIDString = F362024517AC3FDD00153E85;
			remoteInfo = CommonTests;
		};
		F3F5D6BB1A56FBDC006D7F16 /* PBXContainerItemProxy */ = {
			isa = PBXContainerItemProxy;
			containerPortal = F3F5D6991A56FBDB006D7F16 /* GLFW.xcodeproj */;
			proxyType = 2;
			remoteGlobalIDString = 09146205B4F34575B5E08051;
			remoteInfo = glfw;
		};
		F3F5D6BD1A56FBDC006D7F16 /* PBXContainerItemProxy */ = {
			isa = PBXContainerItemProxy;
			containerPortal = F3F5D6991A56FBDB006D7F16 /* GLFW.xcodeproj */;
			proxyType = 2;
			remoteGlobalIDString = C55D5F203C1D480097E0455A;
			remoteInfo = Boing;
		};
		F3F5D6BF1A56FBDC006D7F16 /* PBXContainerItemProxy */ = {
			isa = PBXContainerItemProxy;
			containerPortal = F3F5D6991A56FBDB006D7F16 /* GLFW.xcodeproj */;
			proxyType = 2;
			remoteGlobalIDString = 91358848214A4C8890436DBD;
			remoteInfo = Gears;
		};
		F3F5D6C11A56FBDC006D7F16 /* PBXContainerItemProxy */ = {
			isa = PBXContainerItemProxy;
			containerPortal = F3F5D6991A56FBDB006D7F16 /* GLFW.xcodeproj */;
			proxyType = 2;
			remoteGlobalIDString = 54CFB2C3B28E48F18BA0A29A;
			remoteInfo = Particles;
		};
		F3F5D6C31A56FBDC006D7F16 /* PBXContainerItemProxy */ = {
			isa = PBXContainerItemProxy;
			containerPortal = F3F5D6991A56FBDB006D7F16 /* GLFW.xcodeproj */;
			proxyType = 2;
			remoteGlobalIDString = 19E0B7E256A04E4D9FFA601E;
			remoteInfo = Simple;
		};
		F3F5D6C51A56FBDC006D7F16 /* PBXContainerItemProxy */ = {
			isa = PBXContainerItemProxy;
			containerPortal = F3F5D6991A56FBDB006D7F16 /* GLFW.xcodeproj */;
			proxyType = 2;
			remoteGlobalIDString = 04908A72F43544EAA8B70870;
			remoteInfo = SplitView;
		};
		F3F5D6C71A56FBDC006D7F16 /* PBXContainerItemProxy */ = {
			isa = PBXContainerItemProxy;
			containerPortal = F3F5D6991A56FBDB006D7F16 /* GLFW.xcodeproj */;
			proxyType = 2;
			remoteGlobalIDString = D7FCB252B7834E52B257A45C;
			remoteInfo = Wave;
		};
		F3F5D6C91A56FBDC006D7F16 /* PBXContainerItemProxy */ = {
			isa = PBXContainerItemProxy;
			containerPortal = F3F5D6991A56FBDB006D7F16 /* GLFW.xcodeproj */;
			proxyType = 2;
			remoteGlobalIDString = CC29000F7518491EAFF7EAF1;
			remoteInfo = accuracy;
		};
		F3F5D6CB1A56FBDC006D7F16 /* PBXContainerItemProxy */ = {
			isa = PBXContainerItemProxy;
			containerPortal = F3F5D6991A56FBDB006D7F16 /* GLFW.xcodeproj */;
			proxyType = 2;
			remoteGlobalIDString = DFF4AAA81AC04738BBF9E59F;
			remoteInfo = clipboard;
		};
		F3F5D6CD1A56FBDC006D7F16 /* PBXContainerItemProxy */ = {
			isa = PBXContainerItemProxy;
			containerPortal = F3F5D6991A56FBDB006D7F16 /* GLFW.xcodeproj */;
			proxyType = 2;
			remoteGlobalIDString = D7C8688816A34FCD912CC3AB;
			remoteInfo = cursor;
		};
		F3F5D6CF1A56FBDC006D7F16 /* PBXContainerItemProxy */ = {
			isa = PBXContainerItemProxy;
			containerPortal = F3F5D6991A56FBDB006D7F16 /* GLFW.xcodeproj */;
			proxyType = 2;
			remoteGlobalIDString = 4BD983FC0EA24EDA92DD2627;
			remoteInfo = cursoranim;
		};
		F3F5D6D11A56FBDC006D7F16 /* PBXContainerItemProxy */ = {
			isa = PBXContainerItemProxy;
			containerPortal = F3F5D6991A56FBDB006D7F16 /* GLFW.xcodeproj */;
			proxyType = 2;
			remoteGlobalIDString = 5FDAB81C2BC941629ACC0DFB;
			remoteInfo = defaults;
		};
		F3F5D6D31A56FBDC006D7F16 /* PBXContainerItemProxy */ = {
			isa = PBXContainerItemProxy;
			containerPortal = F3F5D6991A56FBDB006D7F16 /* GLFW.xcodeproj */;
			proxyType = 2;
			remoteGlobalIDString = 260E3C9854F94605B3002327;
			remoteInfo = empty;
		};
		F3F5D6D51A56FBDC006D7F16 /* PBXContainerItemProxy */ = {
			isa = PBXContainerItemProxy;
			containerPortal = F3F5D6991A56FBDB006D7F16 /* GLFW.xcodeproj */;
			proxyType = 2;
			remoteGlobalIDString = 6DDCB2F5275C47B9AC326DCA;
			remoteInfo = events;
		};
		F3F5D6D71A56FBDC006D7F16 /* PBXContainerItemProxy */ = {
			isa = PBXContainerItemProxy;
			containerPortal = F3F5D6991A56FBDB006D7F16 /* GLFW.xcodeproj */;
			proxyType = 2;
			remoteGlobalIDString = 065C007FEF2A4E0781818B9B;
			remoteInfo = fsaa;
		};
		F3F5D6D91A56FBDC006D7F16 /* PBXContainerItemProxy */ = {
			isa = PBXContainerItemProxy;
			containerPortal = F3F5D6991A56FBDB006D7F16 /* GLFW.xcodeproj */;
			proxyType = 2;
			remoteGlobalIDString = BA8A4EA502E8493F81083006;
			remoteInfo = gamma;
		};
		F3F5D6DB1A56FBDC006D7F16 /* PBXContainerItemProxy */ = {
			isa = PBXContainerItemProxy;
			containerPortal = F3F5D6991A56FBDB006D7F16 /* GLFW.xcodeproj */;
			proxyType = 2;
			remoteGlobalIDString = 9BB1DCE7092241829F49C659;
			remoteInfo = glfwinfo;
		};
		F3F5D6DD1A56FBDC006D7F16 /* PBXContainerItemProxy */ = {
			isa = PBXContainerItemProxy;
			containerPortal = F3F5D6991A56FBDB006D7F16 /* GLFW.xcodeproj */;
			proxyType = 2;
			remoteGlobalIDString = 47F0609E9E2D46F28AC750DD;
			remoteInfo = iconify;
		};
		F3F5D6DF1A56FBDC006D7F16 /* PBXContainerItemProxy */ = {
			isa = PBXContainerItemProxy;
			containerPortal = F3F5D6991A56FBDB006D7F16 /* GLFW.xcodeproj */;
			proxyType = 2;
			remoteGlobalIDString = F0FBA2195E3A40CAA7EFF060;
			remoteInfo = joysticks;
		};
		F3F5D6E11A56FBDC006D7F16 /* PBXContainerItemProxy */ = {
			isa = PBXContainerItemProxy;
			containerPortal = F3F5D6991A56FBDB006D7F16 /* GLFW.xcodeproj */;
			proxyType = 2;
			remoteGlobalIDString = 66FBB42EFE4746DA87F31719;
			remoteInfo = modes;
		};
		F3F5D6E31A56FBDC006D7F16 /* PBXContainerItemProxy */ = {
			isa = PBXContainerItemProxy;
			containerPortal = F3F5D6991A56FBDB006D7F16 /* GLFW.xcodeproj */;
			proxyType = 2;
			remoteGlobalIDString = 37976D78370F46AC92254F5B;
			remoteInfo = peter;
		};
		F3F5D6E51A56FBDC006D7F16 /* PBXContainerItemProxy */ = {
			isa = PBXContainerItemProxy;
			containerPortal = F3F5D6991A56FBDB006D7F16 /* GLFW.xcodeproj */;
			proxyType = 2;
			remoteGlobalIDString = DD13D92482A04730A81F17DA;
			remoteInfo = reopen;
		};
		F3F5D6E71A56FBDC006D7F16 /* PBXContainerItemProxy */ = {
			isa = PBXContainerItemProxy;
			containerPortal = F3F5D6991A56FBDB006D7F16 /* GLFW.xcodeproj */;
			proxyType = 2;
			remoteGlobalIDString = A158F1A9FA9C40ACA7530300;
			remoteInfo = sharing;
		};
		F3F5D6E91A56FBDC006D7F16 /* PBXContainerItemProxy */ = {
			isa = PBXContainerItemProxy;
			containerPortal = F3F5D6991A56FBDB006D7F16 /* GLFW.xcodeproj */;
			proxyType = 2;
			remoteGlobalIDString = 969FF7B00CD345459B9B4490;
			remoteInfo = tearing;
		};
		F3F5D6EB1A56FBDC006D7F16 /* PBXContainerItemProxy */ = {
			isa = PBXContainerItemProxy;
			containerPortal = F3F5D6991A56FBDB006D7F16 /* GLFW.xcodeproj */;
			proxyType = 2;
			remoteGlobalIDString = A6A98981E90C46A6B805AB15;
			remoteInfo = threads;
		};
		F3F5D6ED1A56FBDC006D7F16 /* PBXContainerItemProxy */ = {
			isa = PBXContainerItemProxy;
			containerPortal = F3F5D6991A56FBDB006D7F16 /* GLFW.xcodeproj */;
			proxyType = 2;
			remoteGlobalIDString = 70E8236E0B734AA6B8C19894;
			remoteInfo = title;
		};
		F3F5D6EF1A56FBDC006D7F16 /* PBXContainerItemProxy */ = {
			isa = PBXContainerItemProxy;
			containerPortal = F3F5D6991A56FBDB006D7F16 /* GLFW.xcodeproj */;
			proxyType = 2;
			remoteGlobalIDString = 65C0D30E55E6498199FB5C4F;
			remoteInfo = windows;
		};
/* End PBXContainerItemProxy section */

/* Begin PBXCopyFilesBuildPhase section */
		F39E23C51BFF63D600DB0B71 /* Copy Frameworks */ = {
			isa = PBXCopyFilesBuildPhase;
			buildActionMask = 2147483647;
			dstPath = "";
			dstSubfolderSpec = 10;
			files = (
				F39E26711BFF6F6900DB0B71 /* libchibi-scheme.dylib in Copy Frameworks */,
				F39E23C61BFF63FB00DB0B71 /* CommonC.framework in Copy Frameworks */,
			);
			name = "Copy Frameworks";
			runOnlyForDeploymentPostprocessing = 0;
		};
/* End PBXCopyFilesBuildPhase section */

/* Begin PBXFileReference section */
		F313F9781B7DE7A9006F5CF5 /* AnimationComponent.h */ = {isa = PBXFileReference; fileEncoding = 4; lastKnownFileType = sourcecode.c.h; path = AnimationComponent.h; sourceTree = "<group>"; };
		F313F9A21B7FB888006F5CF5 /* AnimationSystem.c */ = {isa = PBXFileReference; fileEncoding = 4; lastKnownFileType = sourcecode.c.c; path = AnimationSystem.c; sourceTree = "<group>"; };
		F313F9A31B7FB888006F5CF5 /* AnimationSystem.h */ = {isa = PBXFileReference; fileEncoding = 4; lastKnownFileType = sourcecode.c.h; path = AnimationSystem.h; sourceTree = "<group>"; };
		F313F9A51B804EEC006F5CF5 /* AnimationKeyframeComponent.c */ = {isa = PBXFileReference; fileEncoding = 4; lastKnownFileType = sourcecode.c.c; path = AnimationKeyframeComponent.c; sourceTree = "<group>"; };
		F313F9A61B804EEC006F5CF5 /* AnimationKeyframeComponent.h */ = {isa = PBXFileReference; fileEncoding = 4; lastKnownFileType = sourcecode.c.h; path = AnimationKeyframeComponent.h; sourceTree = "<group>"; };
		F313F9AB1B80B95A006F5CF5 /* AnimationComponent.c */ = {isa = PBXFileReference; fileEncoding = 4; lastKnownFileType = sourcecode.c.c; path = AnimationComponent.c; sourceTree = "<group>"; };
		F313F9AD1B80E24B006F5CF5 /* AnimationInterpolateComponent.c */ = {isa = PBXFileReference; fileEncoding = 4; lastKnownFileType = sourcecode.c.c; path = AnimationInterpolateComponent.c; sourceTree = "<group>"; };
		F313F9AE1B80E24B006F5CF5 /* AnimationInterpolateComponent.h */ = {isa = PBXFileReference; fileEncoding = 4; lastKnownFileType = sourcecode.c.h; path = AnimationInterpolateComponent.h; sourceTree = "<group>"; };
		F32393BE1A572148007BD168 /* Chipmunk7.xcodeproj */ = {isa = PBXFileReference; lastKnownFileType = "wrapper.pb-project"; name = Chipmunk7.xcodeproj; path = deps/Chipmunk2D/xcode/Chipmunk7.xcodeproj; sourceTree = "<group>"; };
		F3511D611A9B371C006893F9 /* EntityManager.h */ = {isa = PBXFileReference; lastKnownFileType = sourcecode.c.h; path = EntityManager.h; sourceTree = "<group>"; };
		F3511D621A9B372A006893F9 /* EntityManager.c */ = {isa = PBXFileReference; fileEncoding = 4; lastKnownFileType = sourcecode.c.c; path = EntityManager.c; sourceTree = "<group>"; };
		F358D60F1C0BF39800FC10F1 /* ProjectExpressions.h */ = {isa = PBXFileReference; lastKnownFileType = sourcecode.c.h; path = ProjectExpressions.h; sourceTree = "<group>"; };
		F35CD6C51B3DDBFD0032E3A7 /* EntityManagerTests.m */ = {isa = PBXFileReference; fileEncoding = 4; lastKnownFileType = sourcecode.c.objc; path = EntityManagerTests.m; sourceTree = "<group>"; };
		F35CD6EF1B3EB8130032E3A7 /* EngineSetup.c */ = {isa = PBXFileReference; fileEncoding = 4; lastKnownFileType = sourcecode.c.c; path = EngineSetup.c; sourceTree = "<group>"; };
		F35CD6F01B3EB8130032E3A7 /* EngineSetup.h */ = {isa = PBXFileReference; fileEncoding = 4; lastKnownFileType = sourcecode.c.h; path = EngineSetup.h; sourceTree = "<group>"; };
		F35CD6F31B3EC62E0032E3A7 /* RenderSystem.c */ = {isa = PBXFileReference; fileEncoding = 4; lastKnownFileType = sourcecode.c.c; path = RenderSystem.c; sourceTree = "<group>"; };
		F35CD6F41B3EC62E0032E3A7 /* RenderSystem.h */ = {isa = PBXFileReference; fileEncoding = 4; lastKnownFileType = sourcecode.c.h; path = RenderSystem.h; sourceTree = "<group>"; };
		F35CD6F81B3F034F0032E3A7 /* RenderComponent.c */ = {isa = PBXFileReference; fileEncoding = 4; lastKnownFileType = sourcecode.c.c; path = RenderComponent.c; sourceTree = "<group>"; };
		F35CD6F91B3F034F0032E3A7 /* RenderComponent.h */ = {isa = PBXFileReference; fileEncoding = 4; lastKnownFileType = sourcecode.c.h; path = RenderComponent.h; sourceTree = "<group>"; };
		F376994D1C1023C200F24A44 /* MathExpressions.c */ = {isa = PBXFileReference; fileEncoding = 4; lastKnownFileType = sourcecode.c.c; path = MathExpressions.c; sourceTree = "<group>"; };
		F37699771C10262400F24A44 /* ProjectExpressions.c */ = {isa = PBXFileReference; fileEncoding = 4; lastKnownFileType = sourcecode.c.c; path = ProjectExpressions.c; sourceTree = "<group>"; };
		F37699791C1053C400F24A44 /* IOExpressions.c */ = {isa = PBXFileReference; fileEncoding = 4; lastKnownFileType = sourcecode.c.c; path = IOExpressions.c; sourceTree = "<group>"; };
		F376997A1C1053C400F24A44 /* IOExpressions.h */ = {isa = PBXFileReference; fileEncoding = 4; lastKnownFileType = sourcecode.c.h; path = IOExpressions.h; sourceTree = "<group>"; };
		F376997C1C105C7800F24A44 /* EqualityExpressions.c */ = {isa = PBXFileReference; fileEncoding = 4; lastKnownFileType = sourcecode.c.c; path = EqualityExpressions.c; sourceTree = "<group>"; };
		F376997D1C105C7800F24A44 /* EqualityExpressions.h */ = {isa = PBXFileReference; fileEncoding = 4; lastKnownFileType = sourcecode.c.h; path = EqualityExpressions.h; sourceTree = "<group>"; };
		F376997F1C105DA700F24A44 /* ControlFlowExpressions.c */ = {isa = PBXFileReference; fileEncoding = 4; lastKnownFileType = sourcecode.c.c; path = ControlFlowExpressions.c; sourceTree = "<group>"; };
		F37699801C105DA700F24A44 /* ControlFlowExpressions.h */ = {isa = PBXFileReference; fileEncoding = 4; lastKnownFileType = sourcecode.c.h; path = ControlFlowExpressions.h; sourceTree = "<group>"; };
		F37699821C11113D00F24A44 /* WindowExpressions.c */ = {isa = PBXFileReference; fileEncoding = 4; lastKnownFileType = sourcecode.c.c; path = WindowExpressions.c; sourceTree = "<group>"; };
		F37699831C11113D00F24A44 /* WindowExpressions.h */ = {isa = PBXFileReference; fileEncoding = 4; lastKnownFileType = sourcecode.c.h; path = WindowExpressions.h; sourceTree = "<group>"; };
		F37699B71C1172FB00F24A44 /* Pipeline.h */ = {isa = PBXFileReference; lastKnownFileType = sourcecode.c.h; path = Pipeline.h; sourceTree = "<group>"; };
		F37699BA1C1181C900F24A44 /* PipelineVersion.h */ = {isa = PBXFileReference; lastKnownFileType = sourcecode.c.h; path = PipelineVersion.h; sourceTree = "<group>"; };
		F37699BB1C1183FF00F24A44 /* GLVersionMacro.h */ = {isa = PBXFileReference; lastKnownFileType = sourcecode.c.h; path = GLVersionMacro.h; sourceTree = "<group>"; };
		F37699BD1C118B8500F24A44 /* ColourFormat.h */ = {isa = PBXFileReference; lastKnownFileType = sourcecode.c.h; path = ColourFormat.h; sourceTree = "<group>"; };
		F37699BE1C118B9000F24A44 /* ColourFormat.c */ = {isa = PBXFileReference; fileEncoding = 4; lastKnownFileType = sourcecode.c.c; path = ColourFormat.c; sourceTree = "<group>"; };
		F37699C61C11DCEA00F24A44 /* ColourFormatRGB.h */ = {isa = PBXFileReference; lastKnownFileType = sourcecode.c.h; path = ColourFormatRGB.h; sourceTree = "<group>"; };
		F37699F01C11DE3300F24A44 /* ColourFormatTests.m */ = {isa = PBXFileReference; fileEncoding = 4; lastKnownFileType = sourcecode.c.objc; path = ColourFormatTests.m; sourceTree = "<group>"; };
		F39797071A5C7791007C3422 /* Component.h */ = {isa = PBXFileReference; lastKnownFileType = sourcecode.c.h; path = Component.h; sourceTree = "<group>"; };
		F39797081A5C77A0007C3422 /* Component.c */ = {isa = PBXFileReference; fileEncoding = 4; lastKnownFileType = sourcecode.c.c; path = Component.c; sourceTree = "<group>"; };
		F397970A1A5C7CDC007C3422 /* ComponentSystem.h */ = {isa = PBXFileReference; lastKnownFileType = sourcecode.c.h; path = ComponentSystem.h; sourceTree = "<group>"; };
		F397970B1A5C7CF7007C3422 /* ComponentSystem.c */ = {isa = PBXFileReference; fileEncoding = 4; lastKnownFileType = sourcecode.c.c; path = ComponentSystem.c; sourceTree = "<group>"; };
		F3996F9C1B5B38040065F7DB /* InputMapControllerButtonComponent.c */ = {isa = PBXFileReference; fileEncoding = 4; lastKnownFileType = sourcecode.c.c; path = InputMapControllerButtonComponent.c; sourceTree = "<group>"; };
		F3996F9D1B5B38040065F7DB /* InputMapControllerButtonComponent.h */ = {isa = PBXFileReference; fileEncoding = 4; lastKnownFileType = sourcecode.c.h; path = InputMapControllerButtonComponent.h; sourceTree = "<group>"; };
		F39E266A1BFF6F4E00DB0B71 /* bignum.h */ = {isa = PBXFileReference; lastKnownFileType = sourcecode.c.h; name = bignum.h; path = "deps/chibi-scheme/build/include/chibi/bignum.h"; sourceTree = "<group>"; };
		F39E266B1BFF6F4E00DB0B71 /* eval.h */ = {isa = PBXFileReference; lastKnownFileType = sourcecode.c.h; name = eval.h; path = "deps/chibi-scheme/build/include/chibi/eval.h"; sourceTree = "<group>"; };
		F39E266C1BFF6F4E00DB0B71 /* features.h */ = {isa = PBXFileReference; lastKnownFileType = sourcecode.c.h; name = features.h; path = "deps/chibi-scheme/build/include/chibi/features.h"; sourceTree = "<group>"; };
		F39E266D1BFF6F4E00DB0B71 /* install.h */ = {isa = PBXFileReference; lastKnownFileType = sourcecode.c.h; name = install.h; path = "deps/chibi-scheme/build/include/chibi/install.h"; sourceTree = "<group>"; };
		F39E266E1BFF6F4E00DB0B71 /* sexp.h */ = {isa = PBXFileReference; lastKnownFileType = sourcecode.c.h; name = sexp.h; path = "deps/chibi-scheme/build/include/chibi/sexp.h"; sourceTree = "<group>"; };
		F39E266F1BFF6F5900DB0B71 /* libchibi-scheme.dylib */ = {isa = PBXFileReference; lastKnownFileType = "compiled.mach-o.dylib"; name = "libchibi-scheme.dylib"; path = "deps/chibi-scheme/build/lib/libchibi-scheme.dylib"; sourceTree = "<group>"; };
		F3AE99421A725AC500212838 /* ComponentSystemTests.m */ = {isa = PBXFileReference; fileEncoding = 4; lastKnownFileType = sourcecode.c.objc; path = ComponentSystemTests.m; sourceTree = "<group>"; };
		F3AE996F1A73E2F000212838 /* Entity.c */ = {isa = PBXFileReference; fileEncoding = 4; lastKnownFileType = sourcecode.c.c; path = Entity.c; sourceTree = "<group>"; };
		F3AE99701A73E2F000212838 /* Entity.h */ = {isa = PBXFileReference; fileEncoding = 4; lastKnownFileType = sourcecode.c.h; path = Entity.h; sourceTree = "<group>"; };
		F3AE99721A7402BB00212838 /* ComponentBase.h */ = {isa = PBXFileReference; lastKnownFileType = sourcecode.c.h; path = ComponentBase.h; sourceTree = "<group>"; };
		F3AE99B51A750D6500212838 /* EntityTests.m */ = {isa = PBXFileReference; fileEncoding = 4; lastKnownFileType = sourcecode.c.objc; path = EntityTests.m; sourceTree = "<group>"; };
		F3BD17721C00857800B3849E /* Expression.c */ = {isa = PBXFileReference; fileEncoding = 4; lastKnownFileType = sourcecode.c.c; path = Expression.c; sourceTree = "<group>"; };
		F3BD17731C00857800B3849E /* Expression.h */ = {isa = PBXFileReference; fileEncoding = 4; lastKnownFileType = sourcecode.c.h; path = Expression.h; sourceTree = "<group>"; };
		F3BD17761C00B35E00B3849E /* ExpressionEvaluator.c */ = {isa = PBXFileReference; fileEncoding = 4; lastKnownFileType = sourcecode.c.c; path = ExpressionEvaluator.c; sourceTree = "<group>"; };
		F3BD17771C00B35E00B3849E /* ExpressionEvaluator.h */ = {isa = PBXFileReference; fileEncoding = 4; lastKnownFileType = sourcecode.c.h; path = ExpressionEvaluator.h; sourceTree = "<group>"; };
		F3BD177A1C00DB5600B3849E /* ExpressionSetup.c */ = {isa = PBXFileReference; fileEncoding = 4; lastKnownFileType = sourcecode.c.c; path = ExpressionSetup.c; sourceTree = "<group>"; };
		F3BD177B1C00DB5600B3849E /* ExpressionSetup.h */ = {isa = PBXFileReference; fileEncoding = 4; lastKnownFileType = sourcecode.c.h; path = ExpressionSetup.h; sourceTree = "<group>"; };
		F3BD177E1C00DCE800B3849E /* MathExpressions.h */ = {isa = PBXFileReference; fileEncoding = 4; lastKnownFileType = sourcecode.c.h; path = MathExpressions.h; sourceTree = "<group>"; };
		F3BD17831C00FDC200B3849E /* Configuration.c */ = {isa = PBXFileReference; fileEncoding = 4; lastKnownFileType = sourcecode.c.c; path = Configuration.c; sourceTree = "<group>"; };
		F3BD17841C00FDC200B3849E /* Configuration.h */ = {isa = PBXFileReference; fileEncoding = 4; lastKnownFileType = sourcecode.c.h; path = Configuration.h; sourceTree = "<group>"; };
		F3BD17BB1C02B67900B3849E /* Project.c */ = {isa = PBXFileReference; fileEncoding = 4; lastKnownFileType = sourcecode.c.c; path = Project.c; sourceTree = "<group>"; };
		F3BD17BC1C02B67900B3849E /* Project.h */ = {isa = PBXFileReference; fileEncoding = 4; lastKnownFileType = sourcecode.c.h; path = Project.h; sourceTree = "<group>"; };
		F3C020161B4ED68D00F546E7 /* InputMapGroupComponent.c */ = {isa = PBXFileReference; fileEncoding = 4; lastKnownFileType = sourcecode.c.c; path = InputMapGroupComponent.c; sourceTree = "<group>"; };
		F3C020171B4ED68D00F546E7 /* InputMapGroupComponent.h */ = {isa = PBXFileReference; fileEncoding = 4; lastKnownFileType = sourcecode.c.h; path = InputMapGroupComponent.h; sourceTree = "<group>"; };
		F3C020441B4F375E00F546E7 /* Mouse.c */ = {isa = PBXFileReference; fileEncoding = 4; lastKnownFileType = sourcecode.c.c; path = Mouse.c; sourceTree = "<group>"; };
		F3C020451B4F375E00F546E7 /* Mouse.h */ = {isa = PBXFileReference; fileEncoding = 4; lastKnownFileType = sourcecode.c.h; path = Mouse.h; sourceTree = "<group>"; };
		F3C0204B1B50A33400F546E7 /* InputMapMousePositionComponent.c */ = {isa = PBXFileReference; fileEncoding = 4; lastKnownFileType = sourcecode.c.c; path = InputMapMousePositionComponent.c; sourceTree = "<group>"; };
		F3C0204C1B50A33400F546E7 /* InputMapMousePositionComponent.h */ = {isa = PBXFileReference; fileEncoding = 4; lastKnownFileType = sourcecode.c.h; path = InputMapMousePositionComponent.h; sourceTree = "<group>"; };
		F3C020541B50DCDE00F546E7 /* InputMapMouseDropComponent.c */ = {isa = PBXFileReference; fileEncoding = 4; lastKnownFileType = sourcecode.c.c; path = InputMapMouseDropComponent.c; sourceTree = "<group>"; };
		F3C020551B50DCDE00F546E7 /* InputMapMouseDropComponent.h */ = {isa = PBXFileReference; fileEncoding = 4; lastKnownFileType = sourcecode.c.h; path = InputMapMouseDropComponent.h; sourceTree = "<group>"; };
		F3C020571B50DD1E00F546E7 /* InputMapMouseButtonComponent.c */ = {isa = PBXFileReference; fileEncoding = 4; lastKnownFileType = sourcecode.c.c; path = InputMapMouseButtonComponent.c; sourceTree = "<group>"; };
		F3C020581B50DD1E00F546E7 /* InputMapMouseButtonComponent.h */ = {isa = PBXFileReference; fileEncoding = 4; lastKnownFileType = sourcecode.c.h; path = InputMapMouseButtonComponent.h; sourceTree = "<group>"; };
		F3C0205A1B50DD3400F546E7 /* InputMapMouseScrollComponent.c */ = {isa = PBXFileReference; fileEncoding = 4; lastKnownFileType = sourcecode.c.c; path = InputMapMouseScrollComponent.c; sourceTree = "<group>"; };
		F3C0205B1B50DD3400F546E7 /* InputMapMouseScrollComponent.h */ = {isa = PBXFileReference; fileEncoding = 4; lastKnownFileType = sourcecode.c.h; path = InputMapMouseScrollComponent.h; sourceTree = "<group>"; };
		F3C020911B51D32600F546E7 /* Controller.c */ = {isa = PBXFileReference; fileEncoding = 4; lastKnownFileType = sourcecode.c.c; path = Controller.c; sourceTree = "<group>"; };
		F3C020921B51D32600F546E7 /* Controller.h */ = {isa = PBXFileReference; fileEncoding = 4; lastKnownFileType = sourcecode.c.h; path = Controller.h; sourceTree = "<group>"; };
		F3C020951B52181F00F546E7 /* InputMapControllerAxesComponent.c */ = {isa = PBXFileReference; fileEncoding = 4; lastKnownFileType = sourcecode.c.c; path = InputMapControllerAxesComponent.c; sourceTree = "<group>"; };
		F3C020961B52181F00F546E7 /* InputMapControllerAxesComponent.h */ = {isa = PBXFileReference; fileEncoding = 4; lastKnownFileType = sourcecode.c.h; path = InputMapControllerAxesComponent.h; sourceTree = "<group>"; };
		F3C020981B5375A200F546E7 /* InputMapControllerComponent.c */ = {isa = PBXFileReference; fileEncoding = 4; lastKnownFileType = sourcecode.c.c; path = InputMapControllerComponent.c; sourceTree = "<group>"; };
		F3C020991B5375A200F546E7 /* InputMapControllerComponent.h */ = {isa = PBXFileReference; fileEncoding = 4; lastKnownFileType = sourcecode.c.h; path = InputMapControllerComponent.h; sourceTree = "<group>"; };
		F3C401D61A56E52800095ECD /* Blob Game.app */ = {isa = PBXFileReference; explicitFileType = wrapper.application; includeInIndex = 0; path = "Blob Game.app"; sourceTree = BUILT_PRODUCTS_DIR; };
		F3C401E91A56E52800095ECD /* Blob GameTests.xctest */ = {isa = PBXFileReference; explicitFileType = wrapper.cfbundle; includeInIndex = 0; path = "Blob GameTests.xctest"; sourceTree = BUILT_PRODUCTS_DIR; };
		F3C401EE1A56E52800095ECD /* Info.plist */ = {isa = PBXFileReference; lastKnownFileType = text.plist.xml; path = Info.plist; sourceTree = "<group>"; };
		F3E814A71B4801DF00AD5D10 /* Keyboard.c */ = {isa = PBXFileReference; fileEncoding = 4; lastKnownFileType = sourcecode.c.c; path = Keyboard.c; sourceTree = "<group>"; };
		F3E814A81B4801DF00AD5D10 /* Keyboard.h */ = {isa = PBXFileReference; fileEncoding = 4; lastKnownFileType = sourcecode.c.h; path = Keyboard.h; sourceTree = "<group>"; };
		F3E814D21B48116A00AD5D10 /* InputMapKeyboardComponent.c */ = {isa = PBXFileReference; fileEncoding = 4; lastKnownFileType = sourcecode.c.c; path = InputMapKeyboardComponent.c; sourceTree = "<group>"; };
		F3E814D31B48116A00AD5D10 /* InputMapKeyboardComponent.h */ = {isa = PBXFileReference; fileEncoding = 4; lastKnownFileType = sourcecode.c.h; path = InputMapKeyboardComponent.h; sourceTree = "<group>"; };
		F3E814D61B4811CD00AD5D10 /* InputMapComponent.h */ = {isa = PBXFileReference; fileEncoding = 4; lastKnownFileType = sourcecode.c.h; path = InputMapComponent.h; sourceTree = "<group>"; };
		F3E84D531B45A3730082E510 /* InputSystem.c */ = {isa = PBXFileReference; fileEncoding = 4; lastKnownFileType = sourcecode.c.c; path = InputSystem.c; sourceTree = "<group>"; };
		F3E84D541B45A3730082E510 /* InputSystem.h */ = {isa = PBXFileReference; fileEncoding = 4; lastKnownFileType = sourcecode.c.h; path = InputSystem.h; sourceTree = "<group>"; };
		F3E84D821B45A51F0082E510 /* Window.h */ = {isa = PBXFileReference; lastKnownFileType = sourcecode.c.h; path = Window.h; sourceTree = "<group>"; };
		F3F5D6341A56E8B4006D7F16 /* Images.xcassets */ = {isa = PBXFileReference; lastKnownFileType = folder.assetcatalog; name = Images.xcassets; path = src/mac/Images.xcassets; sourceTree = SOURCE_ROOT; };
		F3F5D6351A56E8B4006D7F16 /* Info.plist */ = {isa = PBXFileReference; fileEncoding = 4; lastKnownFileType = text.plist.xml; name = Info.plist; path = src/mac/Info.plist; sourceTree = SOURCE_ROOT; };
		F3F5D6801A56F4A9006D7F16 /* main.c */ = {isa = PBXFileReference; fileEncoding = 4; lastKnownFileType = sourcecode.c.c; name = main.c; path = src/main.c; sourceTree = SOURCE_ROOT; };
		F3F5D6821A56F562006D7F16 /* Common.xcodeproj */ = {isa = PBXFileReference; lastKnownFileType = "wrapper.pb-project"; name = Common.xcodeproj; path = deps/Common/Common.xcodeproj; sourceTree = "<group>"; };
		F3F5D68E1A56F5DA006D7F16 /* CommonC.framework */ = {isa = PBXFileReference; lastKnownFileType = wrapper.framework; name = CommonC.framework; path = "../../../../../Library/Developer/Xcode/DerivedData/Blob_Game-ftdhpyeuunmhwldillzwkfrvitku/Build/Products/Debug/CommonC.framework"; sourceTree = "<group>"; };
		F3F5D6951A56F73E006D7F16 /* tinycthread.c */ = {isa = PBXFileReference; fileEncoding = 4; lastKnownFileType = sourcecode.c.c; name = tinycthread.c; path = deps/tinycthread/source/tinycthread.c; sourceTree = SOURCE_ROOT; };
		F3F5D6961A56F73E006D7F16 /* tinycthread.h */ = {isa = PBXFileReference; fileEncoding = 4; lastKnownFileType = sourcecode.c.h; name = tinycthread.h; path = deps/tinycthread/source/tinycthread.h; sourceTree = SOURCE_ROOT; };
		F3F5D6991A56FBDB006D7F16 /* GLFW.xcodeproj */ = {isa = PBXFileReference; lastKnownFileType = "wrapper.pb-project"; name = GLFW.xcodeproj; path = deps/glfw/build/GLFW.xcodeproj; sourceTree = "<group>"; };
		F3F5D6F21A570093006D7F16 /* Cocoa.framework */ = {isa = PBXFileReference; lastKnownFileType = wrapper.framework; name = Cocoa.framework; path = System/Library/Frameworks/Cocoa.framework; sourceTree = SDKROOT; };
		F3F5D6F41A570099006D7F16 /* OpenGL.framework */ = {isa = PBXFileReference; lastKnownFileType = wrapper.framework; name = OpenGL.framework; path = System/Library/Frameworks/OpenGL.framework; sourceTree = SDKROOT; };
		F3F5D6F61A5700AB006D7F16 /* IOKit.framework */ = {isa = PBXFileReference; lastKnownFileType = wrapper.framework; name = IOKit.framework; path = System/Library/Frameworks/IOKit.framework; sourceTree = SDKROOT; };
		F3F5D6F81A5700B3006D7F16 /* CoreVideo.framework */ = {isa = PBXFileReference; lastKnownFileType = wrapper.framework; name = CoreVideo.framework; path = System/Library/Frameworks/CoreVideo.framework; sourceTree = SDKROOT; };
		F3F696A61A5C8E3800E486B5 /* stdatomic_clang.h */ = {isa = PBXFileReference; lastKnownFileType = sourcecode.c.h; name = stdatomic_clang.h; path = deps/stdatomic/stdatomic_clang.h; sourceTree = SOURCE_ROOT; };
		F3F696A71A5C8E3800E486B5 /* stdatomic_portable.h */ = {isa = PBXFileReference; lastKnownFileType = sourcecode.c.h; name = stdatomic_portable.h; path = deps/stdatomic/stdatomic_portable.h; sourceTree = SOURCE_ROOT; };
		F3F696D41A5D047400E486B5 /* ComponentTests.m */ = {isa = PBXFileReference; fileEncoding = 4; lastKnownFileType = sourcecode.c.objc; path = ComponentTests.m; sourceTree = "<group>"; };
		F3F6C4781A599A2300B9D6BA /* PlatformSetup_mac.m */ = {isa = PBXFileReference; fileEncoding = 4; lastKnownFileType = sourcecode.c.objc; path = PlatformSetup_mac.m; sourceTree = "<group>"; };
		F3F6C4A41A599A6200B9D6BA /* PlatformSetup.h */ = {isa = PBXFileReference; lastKnownFileType = sourcecode.c.h; path = PlatformSetup.h; sourceTree = "<group>"; };
		F3F6C4A51A599AEA00B9D6BA /* GLSetup.h */ = {isa = PBXFileReference; lastKnownFileType = sourcecode.c.h; path = GLSetup.h; sourceTree = "<group>"; };
		F3F6C4A61A599DB700B9D6BA /* PlatformSetup_win.c */ = {isa = PBXFileReference; fileEncoding = 4; lastKnownFileType = sourcecode.c.c; path = PlatformSetup_win.c; sourceTree = "<group>"; };
		F3F6C4AA1A599DF800B9D6BA /* PlatformSetup_linux.c */ = {isa = PBXFileReference; fileEncoding = 4; lastKnownFileType = sourcecode.c.c; path = PlatformSetup_linux.c; sourceTree = "<group>"; };
		F3FF25311A58418800E437EB /* stdatomic.h */ = {isa = PBXFileReference; lastKnownFileType = sourcecode.c.h; name = stdatomic.h; path = deps/stdatomic/stdatomic.h; sourceTree = SOURCE_ROOT; };
/* End PBXFileReference section */

/* Begin PBXFrameworksBuildPhase section */
		F3C401D31A56E52800095ECD /* Frameworks */ = {
			isa = PBXFrameworksBuildPhase;
			buildActionMask = 2147483647;
			files = (
				F32393F71A572155007BD168 /* libChipmunk-Mac.a in Frameworks */,
				F3F5D6FA1A5700F3006D7F16 /* CoreVideo.framework in Frameworks */,
				F3F5D6FB1A5700F3006D7F16 /* IOKit.framework in Frameworks */,
				F3F5D6FC1A5700F3006D7F16 /* OpenGL.framework in Frameworks */,
				F3F5D6FD1A5700F3006D7F16 /* Cocoa.framework in Frameworks */,
				F3F5D6F11A56FC70006D7F16 /* libglfw3.a in Frameworks */,
				F3F5D68F1A56F5DA006D7F16 /* CommonC.framework in Frameworks */,
				F39E26701BFF6F5900DB0B71 /* libchibi-scheme.dylib in Frameworks */,
			);
			runOnlyForDeploymentPostprocessing = 0;
		};
		F3C401E61A56E52800095ECD /* Frameworks */ = {
			isa = PBXFrameworksBuildPhase;
			buildActionMask = 2147483647;
			files = (
				F3511D381A9B31CE006893F9 /* CommonC.framework in Frameworks */,
			);
			runOnlyForDeploymentPostprocessing = 0;
		};
/* End PBXFrameworksBuildPhase section */

/* Begin PBXGroup section */
		F32393BF1A572148007BD168 /* Products */ = {
			isa = PBXGroup;
			children = (
				F32393C91A572148007BD168 /* ChipmunkDemo.app */,
				F32393CB1A572148007BD168 /* libChipmunk-Mac.a */,
				F32393CD1A572148007BD168 /* libChipmunk-iOS.a */,
				F32393CF1A572148007BD168 /* Benchmark iPhone.app */,
				F32393D51A572148007BD168 /* libObjectiveChipmunk-Mac.a */,
				F32393D11A572148007BD168 /* libObjectiveChipmunk-iOS.a */,
				F32393D31A572148007BD168 /* ObjectiveChipmunkTests.xctest */,
			);
			name = Products;
			sourceTree = "<group>";
		};
		F35CD6F21B3EBBE70032E3A7 /* Systems */ = {
			isa = PBXGroup;
			children = (
				F35CD6F41B3EC62E0032E3A7 /* RenderSystem.h */,
				F35CD6F31B3EC62E0032E3A7 /* RenderSystem.c */,
			);
			name = Systems;
			path = systems;
			sourceTree = "<group>";
		};
		F35CD6F61B3F02F80032E3A7 /* Components */ = {
			isa = PBXGroup;
			children = (
				F35CD6F91B3F034F0032E3A7 /* RenderComponent.h */,
				F35CD6F81B3F034F0032E3A7 /* RenderComponent.c */,
			);
			name = Components;
			path = components;
			sourceTree = "<group>";
		};
		F376998E1C11721500F24A44 /* Utilities */ = {
			isa = PBXGroup;
			children = (
				F37699BC1C11899A00F24A44 /* Colour */,
				F37699B81C117CF000F24A44 /* Pipeline */,
			);
			name = Utilities;
			path = utilities;
			sourceTree = "<group>";
		};
		F37699B81C117CF000F24A44 /* Pipeline */ = {
			isa = PBXGroup;
			children = (
				F37699B71C1172FB00F24A44 /* Pipeline.h */,
				F37699BA1C1181C900F24A44 /* PipelineVersion.h */,
				F37699B91C1181A200F24A44 /* GL */,
			);
			name = Pipeline;
			path = pipeline;
			sourceTree = "<group>";
		};
		F37699B91C1181A200F24A44 /* GL */ = {
			isa = PBXGroup;
			children = (
				F37699BB1C1183FF00F24A44 /* GLVersionMacro.h */,
			);
			name = GL;
			path = gl;
			sourceTree = "<group>";
		};
		F37699BC1C11899A00F24A44 /* Colour */ = {
			isa = PBXGroup;
			children = (
				F37699BD1C118B8500F24A44 /* ColourFormat.h */,
				F37699BE1C118B9000F24A44 /* ColourFormat.c */,
				F37699C61C11DCEA00F24A44 /* ColourFormatRGB.h */,
			);
			name = Colour;
			path = colour;
			sourceTree = "<group>";
		};
		F37699EF1C11DE2800F24A44 /* Colour */ = {
			isa = PBXGroup;
			children = (
				F37699F01C11DE3300F24A44 /* ColourFormatTests.m */,
			);
			name = Colour;
			sourceTree = "<group>";
		};
		F39796DD1A5C7748007C3422 /* Component System */ = {
			isa = PBXGroup;
			children = (
				F3511D611A9B371C006893F9 /* EntityManager.h */,
				F3511D621A9B372A006893F9 /* EntityManager.c */,
				F3AE99701A73E2F000212838 /* Entity.h */,
				F3AE996F1A73E2F000212838 /* Entity.c */,
				F397970A1A5C7CDC007C3422 /* ComponentSystem.h */,
				F397970B1A5C7CF7007C3422 /* ComponentSystem.c */,
				F3AE99721A7402BB00212838 /* ComponentBase.h */,
				F39797071A5C7791007C3422 /* Component.h */,
				F39797081A5C77A0007C3422 /* Component.c */,
			);
			name = "Component System";
			path = "component system";
			sourceTree = "<group>";
		};
		F39E23C71BFF65D200DB0B71 /* chibi-scheme */ = {
			isa = PBXGroup;
			children = (
				F39E266F1BFF6F5900DB0B71 /* libchibi-scheme.dylib */,
				F39E266A1BFF6F4E00DB0B71 /* bignum.h */,
				F39E266B1BFF6F4E00DB0B71 /* eval.h */,
				F39E266C1BFF6F4E00DB0B71 /* features.h */,
				F39E266D1BFF6F4E00DB0B71 /* install.h */,
				F39E266E1BFF6F4E00DB0B71 /* sexp.h */,
			);
			name = "chibi-scheme";
			sourceTree = "<group>";
		};
		F3BD17481C00845D00B3849E /* Scripting */ = {
			isa = PBXGroup;
			children = (
				F3BD17731C00857800B3849E /* Expression.h */,
				F3BD17721C00857800B3849E /* Expression.c */,
				F3BD17771C00B35E00B3849E /* ExpressionEvaluator.h */,
				F3BD17761C00B35E00B3849E /* ExpressionEvaluator.c */,
				F3BD17751C00B33800B3849E /* Evaluators */,
			);
			name = Scripting;
			path = scripting;
			sourceTree = "<group>";
		};
		F3BD17751C00B33800B3849E /* Evaluators */ = {
			isa = PBXGroup;
			children = (
				F3BD177E1C00DCE800B3849E /* MathExpressions.h */,
				F376994D1C1023C200F24A44 /* MathExpressions.c */,
				F376997D1C105C7800F24A44 /* EqualityExpressions.h */,
				F376997C1C105C7800F24A44 /* EqualityExpressions.c */,
				F37699801C105DA700F24A44 /* ControlFlowExpressions.h */,
				F376997F1C105DA700F24A44 /* ControlFlowExpressions.c */,
				F376997A1C1053C400F24A44 /* IOExpressions.h */,
				F37699791C1053C400F24A44 /* IOExpressions.c */,
				F358D60F1C0BF39800FC10F1 /* ProjectExpressions.h */,
				F37699771C10262400F24A44 /* ProjectExpressions.c */,
				F37699831C11113D00F24A44 /* WindowExpressions.h */,
				F37699821C11113D00F24A44 /* WindowExpressions.c */,
			);
			name = Evaluators;
			path = evaluators;
			sourceTree = "<group>";
		};
		F3BD17BA1C02B62100B3849E /* Engine */ = {
			isa = PBXGroup;
			children = (
				F3BD17BC1C02B67900B3849E /* Project.h */,
				F3BD17BB1C02B67900B3849E /* Project.c */,
			);
			name = Engine;
			path = engine;
			sourceTree = "<group>";
		};
		F3C020661B51D0A200F546E7 /* Keyboard */ = {
			isa = PBXGroup;
			children = (
				F3E814D31B48116A00AD5D10 /* InputMapKeyboardComponent.h */,
				F3E814D21B48116A00AD5D10 /* InputMapKeyboardComponent.c */,
			);
			name = Keyboard;
			path = keyboard;
			sourceTree = "<group>";
		};
		F3C0208F1B51D0B100F546E7 /* Mouse */ = {
			isa = PBXGroup;
			children = (
				F3C0204C1B50A33400F546E7 /* InputMapMousePositionComponent.h */,
				F3C0204B1B50A33400F546E7 /* InputMapMousePositionComponent.c */,
				F3C020581B50DD1E00F546E7 /* InputMapMouseButtonComponent.h */,
				F3C020571B50DD1E00F546E7 /* InputMapMouseButtonComponent.c */,
				F3C0205B1B50DD3400F546E7 /* InputMapMouseScrollComponent.h */,
				F3C0205A1B50DD3400F546E7 /* InputMapMouseScrollComponent.c */,
				F3C020551B50DCDE00F546E7 /* InputMapMouseDropComponent.h */,
				F3C020541B50DCDE00F546E7 /* InputMapMouseDropComponent.c */,
			);
			name = Mouse;
			path = mouse;
			sourceTree = "<group>";
		};
		F3C020901B51D12F00F546E7 /* Controller */ = {
			isa = PBXGroup;
			children = (
				F3C020991B5375A200F546E7 /* InputMapControllerComponent.h */,
				F3C020981B5375A200F546E7 /* InputMapControllerComponent.c */,
				F3C020961B52181F00F546E7 /* InputMapControllerAxesComponent.h */,
				F3C020951B52181F00F546E7 /* InputMapControllerAxesComponent.c */,
				F3996F9D1B5B38040065F7DB /* InputMapControllerButtonComponent.h */,
				F3996F9C1B5B38040065F7DB /* InputMapControllerButtonComponent.c */,
			);
			name = Controller;
			path = controller;
			sourceTree = "<group>";
		};
		F3C401CD1A56E52800095ECD = {
			isa = PBXGroup;
			children = (
				F3F5D6911A56F723006D7F16 /* dependencies */,
				F3C401D81A56E52800095ECD /* Blob Game */,
				F3C401EC1A56E52800095ECD /* Blob GameTests */,
				F3C401D71A56E52800095ECD /* Products */,
			);
			sourceTree = "<group>";
		};
		F3C401D71A56E52800095ECD /* Products */ = {
			isa = PBXGroup;
			children = (
				F3C401D61A56E52800095ECD /* Blob Game.app */,
				F3C401E91A56E52800095ECD /* Blob GameTests.xctest */,
			);
			name = Products;
			sourceTree = "<group>";
		};
		F3C401D81A56E52800095ECD /* Blob Game */ = {
			isa = PBXGroup;
			children = (
				F3F5D6801A56F4A9006D7F16 /* main.c */,
				F3E84D821B45A51F0082E510 /* Window.h */,
				F3BD17BA1C02B62100B3849E /* Engine */,
				F3FF0F211B63FBE4005B1927 /* Animation */,
				F3E84D7F1B45A3980082E510 /* Input */,
				F3E84D7E1B45A37E0082E510 /* Rendering */,
				F39796DD1A5C7748007C3422 /* Component System */,
				F3BD17481C00845D00B3849E /* Scripting */,
				F3F6C4A31A599A3C00B9D6BA /* Setup */,
				F3C401D91A56E52800095ECD /* Supporting Files */,
			);
			name = "Blob Game";
			path = src;
			sourceTree = "<group>";
		};
		F3C401D91A56E52800095ECD /* Supporting Files */ = {
			isa = PBXGroup;
			children = (
				F3F5D6341A56E8B4006D7F16 /* Images.xcassets */,
				F3F5D6351A56E8B4006D7F16 /* Info.plist */,
			);
			name = "Supporting Files";
			sourceTree = "<group>";
		};
		F3C401EC1A56E52800095ECD /* Blob GameTests */ = {
			isa = PBXGroup;
			children = (
				F37699EF1C11DE2800F24A44 /* Colour */,
				F3F696D31A5D041E00E486B5 /* Component System */,
				F3C401ED1A56E52800095ECD /* Supporting Files */,
			);
			path = "Blob GameTests";
			sourceTree = "<group>";
		};
		F3C401ED1A56E52800095ECD /* Supporting Files */ = {
			isa = PBXGroup;
			children = (
				F3C401EE1A56E52800095ECD /* Info.plist */,
			);
			name = "Supporting Files";
			sourceTree = "<group>";
		};
		F3E84D7E1B45A37E0082E510 /* Rendering */ = {
			isa = PBXGroup;
			children = (
				F376998E1C11721500F24A44 /* Utilities */,
				F35CD6F21B3EBBE70032E3A7 /* Systems */,
				F35CD6F61B3F02F80032E3A7 /* Components */,
			);
			name = Rendering;
			path = rendering;
			sourceTree = "<group>";
		};
		F3E84D7F1B45A3980082E510 /* Input */ = {
			isa = PBXGroup;
			children = (
				F3E814A81B4801DF00AD5D10 /* Keyboard.h */,
				F3E814A71B4801DF00AD5D10 /* Keyboard.c */,
				F3C020451B4F375E00F546E7 /* Mouse.h */,
				F3C020441B4F375E00F546E7 /* Mouse.c */,
				F3C020921B51D32600F546E7 /* Controller.h */,
				F3C020911B51D32600F546E7 /* Controller.c */,
				F3E84D811B45A3AC0082E510 /* Systems */,
				F3E84D801B45A3A50082E510 /* Components */,
			);
			name = Input;
			path = input;
			sourceTree = "<group>";
		};
		F3E84D801B45A3A50082E510 /* Components */ = {
			isa = PBXGroup;
			children = (
				F3E814D61B4811CD00AD5D10 /* InputMapComponent.h */,
				F3C020171B4ED68D00F546E7 /* InputMapGroupComponent.h */,
				F3C020161B4ED68D00F546E7 /* InputMapGroupComponent.c */,
				F3C020661B51D0A200F546E7 /* Keyboard */,
				F3C0208F1B51D0B100F546E7 /* Mouse */,
				F3C020901B51D12F00F546E7 /* Controller */,
			);
			name = Components;
			path = components;
			sourceTree = "<group>";
		};
		F3E84D811B45A3AC0082E510 /* Systems */ = {
			isa = PBXGroup;
			children = (
				F3E84D541B45A3730082E510 /* InputSystem.h */,
				F3E84D531B45A3730082E510 /* InputSystem.c */,
			);
			name = Systems;
			path = systems;
			sourceTree = "<group>";
		};
		F3F5D6831A56F562006D7F16 /* Products */ = {
			isa = PBXGroup;
			children = (
				F3F5D68B1A56F562006D7F16 /* Common.framework */,
				F3F5D68D1A56F562006D7F16 /* CommonTests.octest */,
			);
			name = Products;
			sourceTree = "<group>";
		};
		F3F5D6901A56F714006D7F16 /* tinycthread */ = {
			isa = PBXGroup;
			children = (
				F3F5D6951A56F73E006D7F16 /* tinycthread.c */,
				F3F5D6961A56F73E006D7F16 /* tinycthread.h */,
			);
			name = tinycthread;
			path = "Blob Game";
			sourceTree = "<group>";
		};
		F3F5D6911A56F723006D7F16 /* dependencies */ = {
			isa = PBXGroup;
			children = (
				F39E23C71BFF65D200DB0B71 /* chibi-scheme */,
				F32393BE1A572148007BD168 /* Chipmunk7.xcodeproj */,
				F3F5D6F81A5700B3006D7F16 /* CoreVideo.framework */,
				F3F5D6F61A5700AB006D7F16 /* IOKit.framework */,
				F3F5D6F41A570099006D7F16 /* OpenGL.framework */,
				F3F5D6F21A570093006D7F16 /* Cocoa.framework */,
				F3F5D6991A56FBDB006D7F16 /* GLFW.xcodeproj */,
				F3F5D6981A56FA05006D7F16 /* stdatomic */,
				F3F5D6901A56F714006D7F16 /* tinycthread */,
				F3F5D68E1A56F5DA006D7F16 /* CommonC.framework */,
				F3F5D6821A56F562006D7F16 /* Common.xcodeproj */,
			);
			name = dependencies;
			sourceTree = "<group>";
		};
		F3F5D6981A56FA05006D7F16 /* stdatomic */ = {
			isa = PBXGroup;
			children = (
				F3FF25311A58418800E437EB /* stdatomic.h */,
				F3F696A61A5C8E3800E486B5 /* stdatomic_clang.h */,
				F3F696A71A5C8E3800E486B5 /* stdatomic_portable.h */,
			);
			name = stdatomic;
			path = "Blob Game";
			sourceTree = "<group>";
		};
		F3F5D69A1A56FBDB006D7F16 /* Products */ = {
			isa = PBXGroup;
			children = (
				F3F5D6BC1A56FBDC006D7F16 /* libglfw3.a */,
				F3F5D6BE1A56FBDC006D7F16 /* Boing.app */,
				F3F5D6C01A56FBDC006D7F16 /* Gears.app */,
				F3F5D6C21A56FBDC006D7F16 /* Particles.app */,
				F3F5D6C41A56FBDC006D7F16 /* Simple.app */,
				F3F5D6C61A56FBDC006D7F16 /* SplitView.app */,
				F3F5D6C81A56FBDC006D7F16 /* Wave.app */,
				F3F5D6CA1A56FBDC006D7F16 /* accuracy.app */,
				F3F5D6CC1A56FBDC006D7F16 /* clipboard */,
				F3F5D6CE1A56FBDC006D7F16 /* cursor */,
				F3F5D6D01A56FBDC006D7F16 /* cursoranim.app */,
				F3F5D6D21A56FBDC006D7F16 /* defaults */,
				F3F5D6D41A56FBDC006D7F16 /* empty.app */,
				F3F5D6D61A56FBDC006D7F16 /* events */,
				F3F5D6D81A56FBDC006D7F16 /* fsaa */,
				F3F5D6DA1A56FBDC006D7F16 /* gamma */,
				F3F5D6DC1A56FBDC006D7F16 /* glfwinfo */,
				F3F5D6DE1A56FBDC006D7F16 /* iconify */,
				F3F5D6E01A56FBDC006D7F16 /* joysticks */,
				F3F5D6E21A56FBDC006D7F16 /* modes */,
				F3F5D6E41A56FBDC006D7F16 /* peter */,
				F3F5D6E61A56FBDC006D7F16 /* reopen */,
				F3F5D6E81A56FBDC006D7F16 /* sharing.app */,
				F3F5D6EA1A56FBDC006D7F16 /* tearing.app */,
				F3F5D6EC1A56FBDC006D7F16 /* threads.app */,
				F3F5D6EE1A56FBDC006D7F16 /* title.app */,
				F3F5D6F01A56FBDC006D7F16 /* windows.app */,
			);
			name = Products;
			sourceTree = "<group>";
		};
		F3F696D31A5D041E00E486B5 /* Component System */ = {
			isa = PBXGroup;
			children = (
				F35CD6C51B3DDBFD0032E3A7 /* EntityManagerTests.m */,
				F3AE99B51A750D6500212838 /* EntityTests.m */,
				F3AE99421A725AC500212838 /* ComponentSystemTests.m */,
				F3F696D41A5D047400E486B5 /* ComponentTests.m */,
			);
			name = "Component System";
			sourceTree = "<group>";
		};
		F3F6C4A31A599A3C00B9D6BA /* Setup */ = {
			isa = PBXGroup;
			children = (
				F3F6C4A51A599AEA00B9D6BA /* GLSetup.h */,
				F3F6C4A41A599A6200B9D6BA /* PlatformSetup.h */,
				F3F6C4781A599A2300B9D6BA /* PlatformSetup_mac.m */,
				F3F6C4A61A599DB700B9D6BA /* PlatformSetup_win.c */,
				F3F6C4AA1A599DF800B9D6BA /* PlatformSetup_linux.c */,
				F35CD6F01B3EB8130032E3A7 /* EngineSetup.h */,
				F35CD6EF1B3EB8130032E3A7 /* EngineSetup.c */,
				F3BD177B1C00DB5600B3849E /* ExpressionSetup.h */,
				F3BD177A1C00DB5600B3849E /* ExpressionSetup.c */,
				F3BD17841C00FDC200B3849E /* Configuration.h */,
				F3BD17831C00FDC200B3849E /* Configuration.c */,
			);
			name = Setup;
			path = setup;
			sourceTree = "<group>";
		};
		F3FF0F211B63FBE4005B1927 /* Animation */ = {
			isa = PBXGroup;
			children = (
				F3FF0F4A1B63FC12005B1927 /* Systems */,
				F3FF0F4B1B63FC18005B1927 /* Components */,
			);
			name = Animation;
			path = animation;
			sourceTree = "<group>";
		};
		F3FF0F4A1B63FC12005B1927 /* Systems */ = {
			isa = PBXGroup;
			children = (
				F313F9A31B7FB888006F5CF5 /* AnimationSystem.h */,
				F313F9A21B7FB888006F5CF5 /* AnimationSystem.c */,
			);
			name = Systems;
			path = systems;
			sourceTree = "<group>";
		};
		F3FF0F4B1B63FC18005B1927 /* Components */ = {
			isa = PBXGroup;
			children = (
				F313F9781B7DE7A9006F5CF5 /* AnimationComponent.h */,
				F313F9AB1B80B95A006F5CF5 /* AnimationComponent.c */,
				F313F9A61B804EEC006F5CF5 /* AnimationKeyframeComponent.h */,
				F313F9A51B804EEC006F5CF5 /* AnimationKeyframeComponent.c */,
				F313F9AE1B80E24B006F5CF5 /* AnimationInterpolateComponent.h */,
				F313F9AD1B80E24B006F5CF5 /* AnimationInterpolateComponent.c */,
			);
			name = Components;
			path = components;
			sourceTree = "<group>";
		};
/* End PBXGroup section */

/* Begin PBXNativeTarget section */
		F3C401D51A56E52800095ECD /* Blob Game */ = {
			isa = PBXNativeTarget;
			buildConfigurationList = F3C401F31A56E52800095ECD /* Build configuration list for PBXNativeTarget "Blob Game" */;
			buildPhases = (
				F3C401D21A56E52800095ECD /* Sources */,
				F3C401D31A56E52800095ECD /* Frameworks */,
				F3C401D41A56E52800095ECD /* Resources */,
				F39E23C51BFF63D600DB0B71 /* Copy Frameworks */,
				F39E26721BFF6FD300DB0B71 /* Update DYLIB install names */,
			);
			buildRules = (
			);
			dependencies = (
			);
			name = "Blob Game";
			productName = "Blob Game";
			productReference = F3C401D61A56E52800095ECD /* Blob Game.app */;
			productType = "com.apple.product-type.application";
		};
		F3C401E81A56E52800095ECD /* Blob GameTests */ = {
			isa = PBXNativeTarget;
			buildConfigurationList = F3C401F61A56E52800095ECD /* Build configuration list for PBXNativeTarget "Blob GameTests" */;
			buildPhases = (
				F3C401E51A56E52800095ECD /* Sources */,
				F3C401E61A56E52800095ECD /* Frameworks */,
				F3C401E71A56E52800095ECD /* Resources */,
			);
			buildRules = (
			);
			dependencies = (
				F3C401EB1A56E52800095ECD /* PBXTargetDependency */,
			);
			name = "Blob GameTests";
			productName = "Blob GameTests";
			productReference = F3C401E91A56E52800095ECD /* Blob GameTests.xctest */;
			productType = "com.apple.product-type.bundle.unit-test";
		};
/* End PBXNativeTarget section */

/* Begin PBXProject section */
		F3C401CE1A56E52800095ECD /* Project object */ = {
			isa = PBXProject;
			attributes = {
				LastUpgradeCheck = 0700;
				ORGANIZATIONNAME = "Stefan Johnson";
				TargetAttributes = {
					F3C401D51A56E52800095ECD = {
						CreatedOnToolsVersion = 6.1.1;
					};
					F3C401E81A56E52800095ECD = {
						CreatedOnToolsVersion = 6.1.1;
						TestTargetID = F3C401D51A56E52800095ECD;
					};
				};
			};
			buildConfigurationList = F3C401D11A56E52800095ECD /* Build configuration list for PBXProject "Blob Game" */;
			compatibilityVersion = "Xcode 3.2";
			developmentRegion = English;
			hasScannedForEncodings = 0;
			knownRegions = (
				en,
				Base,
			);
			mainGroup = F3C401CD1A56E52800095ECD;
			productRefGroup = F3C401D71A56E52800095ECD /* Products */;
			projectDirPath = "";
			projectReferences = (
				{
					ProductGroup = F32393BF1A572148007BD168 /* Products */;
					ProjectRef = F32393BE1A572148007BD168 /* Chipmunk7.xcodeproj */;
				},
				{
					ProductGroup = F3F5D6831A56F562006D7F16 /* Products */;
					ProjectRef = F3F5D6821A56F562006D7F16 /* Common.xcodeproj */;
				},
				{
					ProductGroup = F3F5D69A1A56FBDB006D7F16 /* Products */;
					ProjectRef = F3F5D6991A56FBDB006D7F16 /* GLFW.xcodeproj */;
				},
			);
			projectRoot = "";
			targets = (
				F3C401D51A56E52800095ECD /* Blob Game */,
				F3C401E81A56E52800095ECD /* Blob GameTests */,
			);
		};
/* End PBXProject section */

/* Begin PBXReferenceProxy section */
		F32393C91A572148007BD168 /* ChipmunkDemo.app */ = {
			isa = PBXReferenceProxy;
			fileType = wrapper.application;
			path = ChipmunkDemo.app;
			remoteRef = F32393C81A572148007BD168 /* PBXContainerItemProxy */;
			sourceTree = BUILT_PRODUCTS_DIR;
		};
		F32393CB1A572148007BD168 /* libChipmunk-Mac.a */ = {
			isa = PBXReferenceProxy;
			fileType = archive.ar;
			path = "libChipmunk-Mac.a";
			remoteRef = F32393CA1A572148007BD168 /* PBXContainerItemProxy */;
			sourceTree = BUILT_PRODUCTS_DIR;
		};
		F32393CD1A572148007BD168 /* libChipmunk-iOS.a */ = {
			isa = PBXReferenceProxy;
			fileType = archive.ar;
			path = "libChipmunk-iOS.a";
			remoteRef = F32393CC1A572148007BD168 /* PBXContainerItemProxy */;
			sourceTree = BUILT_PRODUCTS_DIR;
		};
		F32393CF1A572148007BD168 /* Benchmark iPhone.app */ = {
			isa = PBXReferenceProxy;
			fileType = wrapper.application;
			path = "Benchmark iPhone.app";
			remoteRef = F32393CE1A572148007BD168 /* PBXContainerItemProxy */;
			sourceTree = BUILT_PRODUCTS_DIR;
		};
		F32393D11A572148007BD168 /* libObjectiveChipmunk-iOS.a */ = {
			isa = PBXReferenceProxy;
			fileType = archive.ar;
			path = "libObjectiveChipmunk-iOS.a";
			remoteRef = F32393D01A572148007BD168 /* PBXContainerItemProxy */;
			sourceTree = BUILT_PRODUCTS_DIR;
		};
		F32393D31A572148007BD168 /* ObjectiveChipmunkTests.xctest */ = {
			isa = PBXReferenceProxy;
			fileType = wrapper.cfbundle;
			path = ObjectiveChipmunkTests.xctest;
			remoteRef = F32393D21A572148007BD168 /* PBXContainerItemProxy */;
			sourceTree = BUILT_PRODUCTS_DIR;
		};
		F32393D51A572148007BD168 /* libObjectiveChipmunk-Mac.a */ = {
			isa = PBXReferenceProxy;
			fileType = archive.ar;
			path = "libObjectiveChipmunk-Mac.a";
			remoteRef = F32393D41A572148007BD168 /* PBXContainerItemProxy */;
			sourceTree = BUILT_PRODUCTS_DIR;
		};
		F3F5D68B1A56F562006D7F16 /* Common.framework */ = {
			isa = PBXReferenceProxy;
			fileType = wrapper.framework;
			path = Common.framework;
			remoteRef = F3F5D68A1A56F562006D7F16 /* PBXContainerItemProxy */;
			sourceTree = BUILT_PRODUCTS_DIR;
		};
		F3F5D68D1A56F562006D7F16 /* CommonTests.octest */ = {
			isa = PBXReferenceProxy;
			fileType = wrapper.cfbundle;
			path = CommonTests.octest;
			remoteRef = F3F5D68C1A56F562006D7F16 /* PBXContainerItemProxy */;
			sourceTree = BUILT_PRODUCTS_DIR;
		};
		F3F5D6BC1A56FBDC006D7F16 /* libglfw3.a */ = {
			isa = PBXReferenceProxy;
			fileType = archive.ar;
			path = libglfw3.a;
			remoteRef = F3F5D6BB1A56FBDC006D7F16 /* PBXContainerItemProxy */;
			sourceTree = BUILT_PRODUCTS_DIR;
		};
		F3F5D6BE1A56FBDC006D7F16 /* Boing.app */ = {
			isa = PBXReferenceProxy;
			fileType = wrapper.application;
			path = Boing.app;
			remoteRef = F3F5D6BD1A56FBDC006D7F16 /* PBXContainerItemProxy */;
			sourceTree = BUILT_PRODUCTS_DIR;
		};
		F3F5D6C01A56FBDC006D7F16 /* Gears.app */ = {
			isa = PBXReferenceProxy;
			fileType = wrapper.application;
			path = Gears.app;
			remoteRef = F3F5D6BF1A56FBDC006D7F16 /* PBXContainerItemProxy */;
			sourceTree = BUILT_PRODUCTS_DIR;
		};
		F3F5D6C21A56FBDC006D7F16 /* Particles.app */ = {
			isa = PBXReferenceProxy;
			fileType = wrapper.application;
			path = Particles.app;
			remoteRef = F3F5D6C11A56FBDC006D7F16 /* PBXContainerItemProxy */;
			sourceTree = BUILT_PRODUCTS_DIR;
		};
		F3F5D6C41A56FBDC006D7F16 /* Simple.app */ = {
			isa = PBXReferenceProxy;
			fileType = wrapper.application;
			path = Simple.app;
			remoteRef = F3F5D6C31A56FBDC006D7F16 /* PBXContainerItemProxy */;
			sourceTree = BUILT_PRODUCTS_DIR;
		};
		F3F5D6C61A56FBDC006D7F16 /* SplitView.app */ = {
			isa = PBXReferenceProxy;
			fileType = wrapper.application;
			path = SplitView.app;
			remoteRef = F3F5D6C51A56FBDC006D7F16 /* PBXContainerItemProxy */;
			sourceTree = BUILT_PRODUCTS_DIR;
		};
		F3F5D6C81A56FBDC006D7F16 /* Wave.app */ = {
			isa = PBXReferenceProxy;
			fileType = wrapper.application;
			path = Wave.app;
			remoteRef = F3F5D6C71A56FBDC006D7F16 /* PBXContainerItemProxy */;
			sourceTree = BUILT_PRODUCTS_DIR;
		};
		F3F5D6CA1A56FBDC006D7F16 /* accuracy.app */ = {
			isa = PBXReferenceProxy;
			fileType = wrapper.application;
			path = accuracy.app;
			remoteRef = F3F5D6C91A56FBDC006D7F16 /* PBXContainerItemProxy */;
			sourceTree = BUILT_PRODUCTS_DIR;
		};
		F3F5D6CC1A56FBDC006D7F16 /* clipboard */ = {
			isa = PBXReferenceProxy;
			fileType = "compiled.mach-o.executable";
			path = clipboard;
			remoteRef = F3F5D6CB1A56FBDC006D7F16 /* PBXContainerItemProxy */;
			sourceTree = BUILT_PRODUCTS_DIR;
		};
		F3F5D6CE1A56FBDC006D7F16 /* cursor */ = {
			isa = PBXReferenceProxy;
			fileType = "compiled.mach-o.executable";
			path = cursor;
			remoteRef = F3F5D6CD1A56FBDC006D7F16 /* PBXContainerItemProxy */;
			sourceTree = BUILT_PRODUCTS_DIR;
		};
		F3F5D6D01A56FBDC006D7F16 /* cursoranim.app */ = {
			isa = PBXReferenceProxy;
			fileType = wrapper.application;
			path = cursoranim.app;
			remoteRef = F3F5D6CF1A56FBDC006D7F16 /* PBXContainerItemProxy */;
			sourceTree = BUILT_PRODUCTS_DIR;
		};
		F3F5D6D21A56FBDC006D7F16 /* defaults */ = {
			isa = PBXReferenceProxy;
			fileType = "compiled.mach-o.executable";
			path = defaults;
			remoteRef = F3F5D6D11A56FBDC006D7F16 /* PBXContainerItemProxy */;
			sourceTree = BUILT_PRODUCTS_DIR;
		};
		F3F5D6D41A56FBDC006D7F16 /* empty.app */ = {
			isa = PBXReferenceProxy;
			fileType = wrapper.application;
			path = empty.app;
			remoteRef = F3F5D6D31A56FBDC006D7F16 /* PBXContainerItemProxy */;
			sourceTree = BUILT_PRODUCTS_DIR;
		};
		F3F5D6D61A56FBDC006D7F16 /* events */ = {
			isa = PBXReferenceProxy;
			fileType = "compiled.mach-o.executable";
			path = events;
			remoteRef = F3F5D6D51A56FBDC006D7F16 /* PBXContainerItemProxy */;
			sourceTree = BUILT_PRODUCTS_DIR;
		};
		F3F5D6D81A56FBDC006D7F16 /* fsaa */ = {
			isa = PBXReferenceProxy;
			fileType = "compiled.mach-o.executable";
			path = fsaa;
			remoteRef = F3F5D6D71A56FBDC006D7F16 /* PBXContainerItemProxy */;
			sourceTree = BUILT_PRODUCTS_DIR;
		};
		F3F5D6DA1A56FBDC006D7F16 /* gamma */ = {
			isa = PBXReferenceProxy;
			fileType = "compiled.mach-o.executable";
			path = gamma;
			remoteRef = F3F5D6D91A56FBDC006D7F16 /* PBXContainerItemProxy */;
			sourceTree = BUILT_PRODUCTS_DIR;
		};
		F3F5D6DC1A56FBDC006D7F16 /* glfwinfo */ = {
			isa = PBXReferenceProxy;
			fileType = "compiled.mach-o.executable";
			path = glfwinfo;
			remoteRef = F3F5D6DB1A56FBDC006D7F16 /* PBXContainerItemProxy */;
			sourceTree = BUILT_PRODUCTS_DIR;
		};
		F3F5D6DE1A56FBDC006D7F16 /* iconify */ = {
			isa = PBXReferenceProxy;
			fileType = "compiled.mach-o.executable";
			path = iconify;
			remoteRef = F3F5D6DD1A56FBDC006D7F16 /* PBXContainerItemProxy */;
			sourceTree = BUILT_PRODUCTS_DIR;
		};
		F3F5D6E01A56FBDC006D7F16 /* joysticks */ = {
			isa = PBXReferenceProxy;
			fileType = "compiled.mach-o.executable";
			path = joysticks;
			remoteRef = F3F5D6DF1A56FBDC006D7F16 /* PBXContainerItemProxy */;
			sourceTree = BUILT_PRODUCTS_DIR;
		};
		F3F5D6E21A56FBDC006D7F16 /* modes */ = {
			isa = PBXReferenceProxy;
			fileType = "compiled.mach-o.executable";
			path = modes;
			remoteRef = F3F5D6E11A56FBDC006D7F16 /* PBXContainerItemProxy */;
			sourceTree = BUILT_PRODUCTS_DIR;
		};
		F3F5D6E41A56FBDC006D7F16 /* peter */ = {
			isa = PBXReferenceProxy;
			fileType = "compiled.mach-o.executable";
			path = peter;
			remoteRef = F3F5D6E31A56FBDC006D7F16 /* PBXContainerItemProxy */;
			sourceTree = BUILT_PRODUCTS_DIR;
		};
		F3F5D6E61A56FBDC006D7F16 /* reopen */ = {
			isa = PBXReferenceProxy;
			fileType = "compiled.mach-o.executable";
			path = reopen;
			remoteRef = F3F5D6E51A56FBDC006D7F16 /* PBXContainerItemProxy */;
			sourceTree = BUILT_PRODUCTS_DIR;
		};
		F3F5D6E81A56FBDC006D7F16 /* sharing.app */ = {
			isa = PBXReferenceProxy;
			fileType = wrapper.application;
			path = sharing.app;
			remoteRef = F3F5D6E71A56FBDC006D7F16 /* PBXContainerItemProxy */;
			sourceTree = BUILT_PRODUCTS_DIR;
		};
		F3F5D6EA1A56FBDC006D7F16 /* tearing.app */ = {
			isa = PBXReferenceProxy;
			fileType = wrapper.application;
			path = tearing.app;
			remoteRef = F3F5D6E91A56FBDC006D7F16 /* PBXContainerItemProxy */;
			sourceTree = BUILT_PRODUCTS_DIR;
		};
		F3F5D6EC1A56FBDC006D7F16 /* threads.app */ = {
			isa = PBXReferenceProxy;
			fileType = wrapper.application;
			path = threads.app;
			remoteRef = F3F5D6EB1A56FBDC006D7F16 /* PBXContainerItemProxy */;
			sourceTree = BUILT_PRODUCTS_DIR;
		};
		F3F5D6EE1A56FBDC006D7F16 /* title.app */ = {
			isa = PBXReferenceProxy;
			fileType = wrapper.application;
			path = title.app;
			remoteRef = F3F5D6ED1A56FBDC006D7F16 /* PBXContainerItemProxy */;
			sourceTree = BUILT_PRODUCTS_DIR;
		};
		F3F5D6F01A56FBDC006D7F16 /* windows.app */ = {
			isa = PBXReferenceProxy;
			fileType = wrapper.application;
			path = windows.app;
			remoteRef = F3F5D6EF1A56FBDC006D7F16 /* PBXContainerItemProxy */;
			sourceTree = BUILT_PRODUCTS_DIR;
		};
/* End PBXReferenceProxy section */

/* Begin PBXResourcesBuildPhase section */
		F3C401D41A56E52800095ECD /* Resources */ = {
			isa = PBXResourcesBuildPhase;
			buildActionMask = 2147483647;
			files = (
				F3F5D6381A56E8B4006D7F16 /* Images.xcassets in Resources */,
			);
			runOnlyForDeploymentPostprocessing = 0;
		};
		F3C401E71A56E52800095ECD /* Resources */ = {
			isa = PBXResourcesBuildPhase;
			buildActionMask = 2147483647;
			files = (
			);
			runOnlyForDeploymentPostprocessing = 0;
		};
/* End PBXResourcesBuildPhase section */

/* Begin PBXShellScriptBuildPhase section */
		F39E26721BFF6FD300DB0B71 /* Update DYLIB install names */ = {
			isa = PBXShellScriptBuildPhase;
			buildActionMask = 2147483647;
			files = (
			);
			inputPaths = (
			);
			name = "Update DYLIB install names";
			outputPaths = (
			);
			runOnlyForDeploymentPostprocessing = 0;
			shellPath = /bin/sh;
			shellScript = "#!/bin/bash\nEXECFILE=$BUILT_PRODUCTS_DIR/$EXECUTABLE_PATH\nLIBPATH=$BUILT_PRODUCTS_DIR/$FRAMEWORKS_FOLDER_PATH\nNEWLIBPATH=\"@executable_path/../Frameworks\"\n\nfor DYLIB in \"$LIBPATH\"/*.dylib; do\nTARGETID=$(otool -DX \"$DYLIB\")\nNEWTARGETID=\"$NEWLIBPATH/$(basename \"$DYLIB\")\"\ninstall_name_tool -change \"$TARGETID\" \"$NEWTARGETID\" \"$EXECFILE\"\ndone";
		};
/* End PBXShellScriptBuildPhase section */

/* Begin PBXSourcesBuildPhase section */
		F3C401D21A56E52800095ECD /* Sources */ = {
			isa = PBXSourcesBuildPhase;
			buildActionMask = 2147483647;
			files = (
				F376994E1C1023C200F24A44 /* MathExpressions.c in Sources */,
				F37699811C105DA700F24A44 /* ControlFlowExpressions.c in Sources */,
				F3C0205C1B50DD3400F546E7 /* InputMapMouseScrollComponent.c in Sources */,
				F3C0209A1B5375A200F546E7 /* InputMapControllerComponent.c in Sources */,
				F3C020931B51D32600F546E7 /* Controller.c in Sources */,
				F3BD177C1C00DB5600B3849E /* ExpressionSetup.c in Sources */,
				F3E814D41B48116A00AD5D10 /* InputMapKeyboardComponent.c in Sources */,
				F313F9A41B7FB888006F5CF5 /* AnimationSystem.c in Sources */,
				F3C020181B4ED68D00F546E7 /* InputMapGroupComponent.c in Sources */,
				F3E814A91B4801DF00AD5D10 /* Keyboard.c in Sources */,
				F3C020561B50DCDE00F546E7 /* InputMapMouseDropComponent.c in Sources */,
				F3C0204D1B50A33400F546E7 /* InputMapMousePositionComponent.c in Sources */,
				F3BD17741C00857800B3849E /* Expression.c in Sources */,
				F3C020461B4F375E00F546E7 /* Mouse.c in Sources */,
				F313F9A71B804EEC006F5CF5 /* AnimationKeyframeComponent.c in Sources */,
				F3511D631A9B372A006893F9 /* EntityManager.c in Sources */,
				F3996F9E1B5B38040065F7DB /* InputMapControllerButtonComponent.c in Sources */,
				F3F5D6811A56F4A9006D7F16 /* main.c in Sources */,
				F35CD6F51B3EC62E0032E3A7 /* RenderSystem.c in Sources */,
				F3BD17BD1C02B67900B3849E /* Project.c in Sources */,
				F3BD17781C00B35E00B3849E /* ExpressionEvaluator.c in Sources */,
				F35CD6FA1B3F034F0032E3A7 /* RenderComponent.c in Sources */,
				F313F9AF1B80E24B006F5CF5 /* AnimationInterpolateComponent.c in Sources */,
				F313F9AC1B80B95A006F5CF5 /* AnimationComponent.c in Sources */,
				F397970C1A5C7CF7007C3422 /* ComponentSystem.c in Sources */,
				F37699BF1C118B9000F24A44 /* ColourFormat.c in Sources */,
				F376997B1C1053C400F24A44 /* IOExpressions.c in Sources */,
				F3E84D551B45A3730082E510 /* InputSystem.c in Sources */,
				F3F5D6971A56F73E006D7F16 /* tinycthread.c in Sources */,
				F376997E1C105C7800F24A44 /* EqualityExpressions.c in Sources */,
				F3C020591B50DD1E00F546E7 /* InputMapMouseButtonComponent.c in Sources */,
				F37699781C10262400F24A44 /* ProjectExpressions.c in Sources */,
				F37699841C11113D00F24A44 /* WindowExpressions.c in Sources */,
				F3C020971B52181F00F546E7 /* InputMapControllerAxesComponent.c in Sources */,
				F3F6C4791A599A2300B9D6BA /* PlatformSetup_mac.m in Sources */,
				F35CD6F11B3EB8130032E3A7 /* EngineSetup.c in Sources */,
				F3AE99711A73E2F000212838 /* Entity.c in Sources */,
				F3BD17851C00FDC200B3849E /* Configuration.c in Sources */,
				F39797091A5C77A0007C3422 /* Component.c in Sources */,
			);
			runOnlyForDeploymentPostprocessing = 0;
		};
		F3C401E51A56E52800095ECD /* Sources */ = {
			isa = PBXSourcesBuildPhase;
			buildActionMask = 2147483647;
			files = (
				F3AE99431A725AC500212838 /* ComponentSystemTests.m in Sources */,
				F37699F11C11DE3300F24A44 /* ColourFormatTests.m in Sources */,
				F3AE99B61A750D6500212838 /* EntityTests.m in Sources */,
				F35CD6C61B3DDBFD0032E3A7 /* EntityManagerTests.m in Sources */,
				F3F696D51A5D047400E486B5 /* ComponentTests.m in Sources */,
			);
			runOnlyForDeploymentPostprocessing = 0;
		};
/* End PBXSourcesBuildPhase section */

/* Begin PBXTargetDependency section */
		F3C401EB1A56E52800095ECD /* PBXTargetDependency */ = {
			isa = PBXTargetDependency;
			target = F3C401D51A56E52800095ECD /* Blob Game */;
			targetProxy = F3C401EA1A56E52800095ECD /* PBXContainerItemProxy */;
		};
/* End PBXTargetDependency section */

/* Begin XCBuildConfiguration section */
		F3C401F11A56E52800095ECD /* Debug */ = {
			isa = XCBuildConfiguration;
			buildSettings = {
				ALWAYS_SEARCH_USER_PATHS = NO;
				CLANG_CXX_LANGUAGE_STANDARD = "gnu++0x";
				CLANG_CXX_LIBRARY = "libc++";
				CLANG_ENABLE_MODULES = YES;
				CLANG_ENABLE_OBJC_ARC = YES;
				CLANG_WARN_BOOL_CONVERSION = YES;
				CLANG_WARN_CONSTANT_CONVERSION = YES;
				CLANG_WARN_DIRECT_OBJC_ISA_USAGE = YES_ERROR;
				CLANG_WARN_EMPTY_BODY = YES;
				CLANG_WARN_ENUM_CONVERSION = YES;
				CLANG_WARN_INT_CONVERSION = YES;
				CLANG_WARN_OBJC_ROOT_CLASS = YES_ERROR;
				CLANG_WARN_UNREACHABLE_CODE = YES;
				CLANG_WARN__DUPLICATE_METHOD_MATCH = YES;
				CODE_SIGN_IDENTITY = "-";
				COPY_PHASE_STRIP = NO;
				ENABLE_STRICT_OBJC_MSGSEND = YES;
				ENABLE_TESTABILITY = YES;
				GCC_C_LANGUAGE_STANDARD = gnu99;
				GCC_DYNAMIC_NO_PIC = NO;
				GCC_OPTIMIZATION_LEVEL = 0;
				GCC_PREPROCESSOR_DEFINITIONS = (
					"DEBUG=1",
					"$(inherited)",
				);
				GCC_SYMBOLS_PRIVATE_EXTERN = NO;
				GCC_WARN_64_TO_32_BIT_CONVERSION = YES;
				GCC_WARN_ABOUT_RETURN_TYPE = YES_ERROR;
				GCC_WARN_UNDECLARED_SELECTOR = YES;
				GCC_WARN_UNINITIALIZED_AUTOS = YES_AGGRESSIVE;
				GCC_WARN_UNUSED_FUNCTION = YES;
				GCC_WARN_UNUSED_VARIABLE = YES;
				MACOSX_DEPLOYMENT_TARGET = 10.9;
				MTL_ENABLE_DEBUG_INFO = YES;
				ONLY_ACTIVE_ARCH = YES;
				SDKROOT = macosx;
			};
			name = Debug;
		};
		F3C401F21A56E52800095ECD /* Release */ = {
			isa = XCBuildConfiguration;
			buildSettings = {
				ALWAYS_SEARCH_USER_PATHS = NO;
				CLANG_CXX_LANGUAGE_STANDARD = "gnu++0x";
				CLANG_CXX_LIBRARY = "libc++";
				CLANG_ENABLE_MODULES = YES;
				CLANG_ENABLE_OBJC_ARC = YES;
				CLANG_WARN_BOOL_CONVERSION = YES;
				CLANG_WARN_CONSTANT_CONVERSION = YES;
				CLANG_WARN_DIRECT_OBJC_ISA_USAGE = YES_ERROR;
				CLANG_WARN_EMPTY_BODY = YES;
				CLANG_WARN_ENUM_CONVERSION = YES;
				CLANG_WARN_INT_CONVERSION = YES;
				CLANG_WARN_OBJC_ROOT_CLASS = YES_ERROR;
				CLANG_WARN_UNREACHABLE_CODE = YES;
				CLANG_WARN__DUPLICATE_METHOD_MATCH = YES;
				CODE_SIGN_IDENTITY = "-";
				COPY_PHASE_STRIP = YES;
				DEBUG_INFORMATION_FORMAT = "dwarf-with-dsym";
				ENABLE_NS_ASSERTIONS = NO;
				ENABLE_STRICT_OBJC_MSGSEND = YES;
				GCC_C_LANGUAGE_STANDARD = gnu99;
				GCC_WARN_64_TO_32_BIT_CONVERSION = YES;
				GCC_WARN_ABOUT_RETURN_TYPE = YES_ERROR;
				GCC_WARN_UNDECLARED_SELECTOR = YES;
				GCC_WARN_UNINITIALIZED_AUTOS = YES_AGGRESSIVE;
				GCC_WARN_UNUSED_FUNCTION = YES;
				GCC_WARN_UNUSED_VARIABLE = YES;
				MACOSX_DEPLOYMENT_TARGET = 10.9;
				MTL_ENABLE_DEBUG_INFO = NO;
				SDKROOT = macosx;
			};
			name = Release;
		};
		F3C401F41A56E52800095ECD /* Debug */ = {
			isa = XCBuildConfiguration;
			buildSettings = {
				ALWAYS_SEARCH_USER_PATHS = YES;
				ASSETCATALOG_COMPILER_APPICON_NAME = AppIcon;
				COMBINE_HIDPI_IMAGES = YES;
				FRAMEWORK_SEARCH_PATHS = (
					"$(inherited)",
					"$(USER_LIBRARY_DIR)/Developer/Xcode/DerivedData/Blob_Game-ftdhpyeuunmhwldillzwkfrvitku/Build/Products/Debug",
				);
				INFOPLIST_FILE = "$(SRCROOT)/src/mac/Info.plist";
				LD_RUNPATH_SEARCH_PATHS = "$(inherited) @executable_path/../Frameworks";
				LIBRARY_SEARCH_PATHS = (
					"$(inherited)",
					"$(PROJECT_DIR)/deps/chibi-scheme/build/lib",
				);
				PRODUCT_BUNDLE_IDENTIFIER = "me.$(PRODUCT_NAME:rfc1034identifier)";
				PRODUCT_NAME = "$(TARGET_NAME)";
				USER_HEADER_SEARCH_PATHS = "$PROJECT_DIR/deps/stdatomic $PROJECT_DIR/deps/tinycthread/source $PROJECT_DIR/deps/glfw/include $PROJECT_DIR/deps/Chipmunk2D/include $PROJECT_DIR/deps/chibi-scheme/build/include";
			};
			name = Debug;
		};
		F3C401F51A56E52800095ECD /* Release */ = {
			isa = XCBuildConfiguration;
			buildSettings = {
				ALWAYS_SEARCH_USER_PATHS = YES;
				ASSETCATALOG_COMPILER_APPICON_NAME = AppIcon;
				COMBINE_HIDPI_IMAGES = YES;
				FRAMEWORK_SEARCH_PATHS = (
					"$(inherited)",
					"$(USER_LIBRARY_DIR)/Developer/Xcode/DerivedData/Blob_Game-ftdhpyeuunmhwldillzwkfrvitku/Build/Products/Debug",
				);
				INFOPLIST_FILE = "$(SRCROOT)/src/mac/Info.plist";
				LD_RUNPATH_SEARCH_PATHS = "$(inherited) @executable_path/../Frameworks";
				LIBRARY_SEARCH_PATHS = (
					"$(inherited)",
					"$(PROJECT_DIR)/deps/chibi-scheme/build/lib",
				);
				PRODUCT_BUNDLE_IDENTIFIER = "me.$(PRODUCT_NAME:rfc1034identifier)";
				PRODUCT_NAME = "$(TARGET_NAME)";
				USER_HEADER_SEARCH_PATHS = "$PROJECT_DIR/deps/stdatomic $PROJECT_DIR/deps/tinycthread/source $PROJECT_DIR/deps/glfw/include $PROJECT_DIR/deps/Chipmunk2D/include $PROJECT_DIR/deps/chibi-scheme/build/include";
			};
			name = Release;
		};
		F3C401F71A56E52800095ECD /* Debug */ = {
			isa = XCBuildConfiguration;
			buildSettings = {
				BUNDLE_LOADER = "$(TEST_HOST)";
				COMBINE_HIDPI_IMAGES = YES;
				FRAMEWORK_SEARCH_PATHS = (
					"$(DEVELOPER_FRAMEWORKS_DIR)",
					"$(inherited)",
					"$(USER_LIBRARY_DIR)/Developer/Xcode/DerivedData/Blob_Game-ftdhpyeuunmhwldillzwkfrvitku/Build/Products/Debug",
				);
				GCC_PREPROCESSOR_DEFINITIONS = (
					"DEBUG=1",
					"$(inherited)",
				);
				INFOPLIST_FILE = "Blob GameTests/Info.plist";
				LD_RUNPATH_SEARCH_PATHS = "$(inherited) @executable_path/../Frameworks @loader_path/../Frameworks";
				PRODUCT_BUNDLE_IDENTIFIER = "me.$(PRODUCT_NAME:rfc1034identifier)";
				PRODUCT_NAME = "$(TARGET_NAME)";
				TEST_HOST = "$(BUILT_PRODUCTS_DIR)/Blob Game.app/Contents/MacOS/Blob Game";
			};
			name = Debug;
		};
		F3C401F81A56E52800095ECD /* Release */ = {
			isa = XCBuildConfiguration;
			buildSettings = {
				BUNDLE_LOADER = "$(TEST_HOST)";
				COMBINE_HIDPI_IMAGES = YES;
				FRAMEWORK_SEARCH_PATHS = (
					"$(DEVELOPER_FRAMEWORKS_DIR)",
					"$(inherited)",
					"$(USER_LIBRARY_DIR)/Developer/Xcode/DerivedData/Blob_Game-ftdhpyeuunmhwldillzwkfrvitku/Build/Products/Debug",
				);
				INFOPLIST_FILE = "Blob GameTests/Info.plist";
				LD_RUNPATH_SEARCH_PATHS = "$(inherited) @executable_path/../Frameworks @loader_path/../Frameworks";
				PRODUCT_BUNDLE_IDENTIFIER = "me.$(PRODUCT_NAME:rfc1034identifier)";
				PRODUCT_NAME = "$(TARGET_NAME)";
				TEST_HOST = "$(BUILT_PRODUCTS_DIR)/Blob Game.app/Contents/MacOS/Blob Game";
			};
			name = Release;
		};
/* End XCBuildConfiguration section */

/* Begin XCConfigurationList section */
		F3C401D11A56E52800095ECD /* Build configuration list for PBXProject "Blob Game" */ = {
			isa = XCConfigurationList;
			buildConfigurations = (
				F3C401F11A56E52800095ECD /* Debug */,
				F3C401F21A56E52800095ECD /* Release */,
			);
			defaultConfigurationIsVisible = 0;
			defaultConfigurationName = Release;
		};
		F3C401F31A56E52800095ECD /* Build configuration list for PBXNativeTarget "Blob Game" */ = {
			isa = XCConfigurationList;
			buildConfigurations = (
				F3C401F41A56E52800095ECD /* Debug */,
				F3C401F51A56E52800095ECD /* Release */,
			);
			defaultConfigurationIsVisible = 0;
			defaultConfigurationName = Release;
		};
		F3C401F61A56E52800095ECD /* Build configuration list for PBXNativeTarget "Blob GameTests" */ = {
			isa = XCConfigurationList;
			buildConfigurations = (
				F3C401F71A56E52800095ECD /* Debug */,
				F3C401F81A56E52800095ECD /* Release */,
			);
			defaultConfigurationIsVisible = 0;
			defaultConfigurationName = Release;
		};
/* End XCConfigurationList section */
	};
	rootObject = F3C401CE1A56E52800095ECD /* Project object */;
}
