// !$*UTF8*$!
{
	archiveVersion = 1;
	classes = {
	};
	objectVersion = 46;
	objects = {

/* Begin PBXBuildFile section */
		F32393F71A572155007BD168 /* libChipmunk.a in Frameworks */ = {isa = PBXBuildFile; fileRef = F32393CB1A572148007BD168 /* libChipmunk.a */; };
		F39797091A5C77A0007C3422 /* Component.c in Sources */ = {isa = PBXBuildFile; fileRef = F39797081A5C77A0007C3422 /* Component.c */; };
		F397970C1A5C7CF7007C3422 /* ComponentSystem.c in Sources */ = {isa = PBXBuildFile; fileRef = F397970B1A5C7CF7007C3422 /* ComponentSystem.c */; };
		F3F5D6381A56E8B4006D7F16 /* Images.xcassets in Resources */ = {isa = PBXBuildFile; fileRef = F3F5D6341A56E8B4006D7F16 /* Images.xcassets */; };
		F3F5D6811A56F4A9006D7F16 /* main.c in Sources */ = {isa = PBXBuildFile; fileRef = F3F5D6801A56F4A9006D7F16 /* main.c */; };
		F3F5D68F1A56F5DA006D7F16 /* CommonC.framework in Frameworks */ = {isa = PBXBuildFile; fileRef = F3F5D68E1A56F5DA006D7F16 /* CommonC.framework */; };
		F3F5D6971A56F73E006D7F16 /* tinycthread.c in Sources */ = {isa = PBXBuildFile; fileRef = F3F5D6951A56F73E006D7F16 /* tinycthread.c */; };
		F3F5D6F11A56FC70006D7F16 /* libglfw3.a in Frameworks */ = {isa = PBXBuildFile; fileRef = F3F5D6BC1A56FBDC006D7F16 /* libglfw3.a */; };
		F3F5D6FA1A5700F3006D7F16 /* CoreVideo.framework in Frameworks */ = {isa = PBXBuildFile; fileRef = F3F5D6F81A5700B3006D7F16 /* CoreVideo.framework */; };
		F3F5D6FB1A5700F3006D7F16 /* IOKit.framework in Frameworks */ = {isa = PBXBuildFile; fileRef = F3F5D6F61A5700AB006D7F16 /* IOKit.framework */; };
		F3F5D6FC1A5700F3006D7F16 /* OpenGL.framework in Frameworks */ = {isa = PBXBuildFile; fileRef = F3F5D6F41A570099006D7F16 /* OpenGL.framework */; };
		F3F5D6FD1A5700F3006D7F16 /* Cocoa.framework in Frameworks */ = {isa = PBXBuildFile; fileRef = F3F5D6F21A570093006D7F16 /* Cocoa.framework */; };
		F3F696D51A5D047400E486B5 /* ComponentTests.m in Sources */ = {isa = PBXBuildFile; fileRef = F3F696D41A5D047400E486B5 /* ComponentTests.m */; };
		F3F6C4791A599A2300B9D6BA /* PlatformSetup_mac.m in Sources */ = {isa = PBXBuildFile; fileRef = F3F6C4781A599A2300B9D6BA /* PlatformSetup_mac.m */; };
/* End PBXBuildFile section */

/* Begin PBXContainerItemProxy section */
		F32393C81A572148007BD168 /* PBXContainerItemProxy */ = {
			isa = PBXContainerItemProxy;
			containerPortal = F32393BE1A572148007BD168 /* Chipmunk7.xcodeproj */;
			proxyType = 2;
			remoteGlobalIDString = D3E5F0490AA32FDE004E361B;
			remoteInfo = ChipmunkDemo;
		};
		F32393CA1A572148007BD168 /* PBXContainerItemProxy */ = {
			isa = PBXContainerItemProxy;
			containerPortal = F32393BE1A572148007BD168 /* Chipmunk7.xcodeproj */;
			proxyType = 2;
			remoteGlobalIDString = D34963BB0B56CAA300CAD239;
			remoteInfo = ChipmunkStatic;
		};
		F32393CC1A572148007BD168 /* PBXContainerItemProxy */ = {
			isa = PBXContainerItemProxy;
			containerPortal = F32393BE1A572148007BD168 /* Chipmunk7.xcodeproj */;
			proxyType = 2;
			remoteGlobalIDString = D3C3787A11063B1B003EF1D9;
			remoteInfo = "ChipmunkStatic-iPhone";
		};
		F32393CE1A572148007BD168 /* PBXContainerItemProxy */ = {
			isa = PBXContainerItemProxy;
			containerPortal = F32393BE1A572148007BD168 /* Chipmunk7.xcodeproj */;
			proxyType = 2;
			remoteGlobalIDString = D39ECD8617ED70D900319DBA;
			remoteInfo = "Benchmark iPhone";
		};
		F32393D01A572148007BD168 /* PBXContainerItemProxy */ = {
			isa = PBXContainerItemProxy;
			containerPortal = F32393BE1A572148007BD168 /* Chipmunk7.xcodeproj */;
			proxyType = 2;
			remoteGlobalIDString = D309B21317EFE2EF00AA52C8;
			remoteInfo = "ObjectiveChipmunk-iPhone";
		};
		F32393D21A572148007BD168 /* PBXContainerItemProxy */ = {
			isa = PBXContainerItemProxy;
			containerPortal = F32393BE1A572148007BD168 /* Chipmunk7.xcodeproj */;
			proxyType = 2;
			remoteGlobalIDString = D309B22017EFE2EF00AA52C8;
			remoteInfo = ObjectiveChipmunkTests;
		};
		F32393D41A572148007BD168 /* PBXContainerItemProxy */ = {
			isa = PBXContainerItemProxy;
			containerPortal = F32393BE1A572148007BD168 /* Chipmunk7.xcodeproj */;
			proxyType = 2;
			remoteGlobalIDString = D333C5F018639A0500BBC4FF;
			remoteInfo = ObjectiveChipmunk;
		};
		F3C401EA1A56E52800095ECD /* PBXContainerItemProxy */ = {
			isa = PBXContainerItemProxy;
			containerPortal = F3C401CE1A56E52800095ECD /* Project object */;
			proxyType = 1;
			remoteGlobalIDString = F3C401D51A56E52800095ECD;
			remoteInfo = "Blob Game";
		};
		F3F5D68A1A56F562006D7F16 /* PBXContainerItemProxy */ = {
			isa = PBXContainerItemProxy;
			containerPortal = F3F5D6821A56F562006D7F16 /* Common.xcodeproj */;
			proxyType = 2;
			remoteGlobalIDString = F362022D17AC3FD900153E85;
			remoteInfo = Common;
		};
		F3F5D68C1A56F562006D7F16 /* PBXContainerItemProxy */ = {
			isa = PBXContainerItemProxy;
			containerPortal = F3F5D6821A56F562006D7F16 /* Common.xcodeproj */;
			proxyType = 2;
			remoteGlobalIDString = F362024517AC3FDD00153E85;
			remoteInfo = CommonTests;
		};
		F3F5D6BB1A56FBDC006D7F16 /* PBXContainerItemProxy */ = {
			isa = PBXContainerItemProxy;
			containerPortal = F3F5D6991A56FBDB006D7F16 /* GLFW.xcodeproj */;
			proxyType = 2;
			remoteGlobalIDString = 09146205B4F34575B5E08051;
			remoteInfo = glfw;
		};
		F3F5D6BD1A56FBDC006D7F16 /* PBXContainerItemProxy */ = {
			isa = PBXContainerItemProxy;
			containerPortal = F3F5D6991A56FBDB006D7F16 /* GLFW.xcodeproj */;
			proxyType = 2;
			remoteGlobalIDString = C55D5F203C1D480097E0455A;
			remoteInfo = Boing;
		};
		F3F5D6BF1A56FBDC006D7F16 /* PBXContainerItemProxy */ = {
			isa = PBXContainerItemProxy;
			containerPortal = F3F5D6991A56FBDB006D7F16 /* GLFW.xcodeproj */;
			proxyType = 2;
			remoteGlobalIDString = 91358848214A4C8890436DBD;
			remoteInfo = Gears;
		};
		F3F5D6C11A56FBDC006D7F16 /* PBXContainerItemProxy */ = {
			isa = PBXContainerItemProxy;
			containerPortal = F3F5D6991A56FBDB006D7F16 /* GLFW.xcodeproj */;
			proxyType = 2;
			remoteGlobalIDString = 54CFB2C3B28E48F18BA0A29A;
			remoteInfo = Particles;
		};
		F3F5D6C31A56FBDC006D7F16 /* PBXContainerItemProxy */ = {
			isa = PBXContainerItemProxy;
			containerPortal = F3F5D6991A56FBDB006D7F16 /* GLFW.xcodeproj */;
			proxyType = 2;
			remoteGlobalIDString = 19E0B7E256A04E4D9FFA601E;
			remoteInfo = Simple;
		};
		F3F5D6C51A56FBDC006D7F16 /* PBXContainerItemProxy */ = {
			isa = PBXContainerItemProxy;
			containerPortal = F3F5D6991A56FBDB006D7F16 /* GLFW.xcodeproj */;
			proxyType = 2;
			remoteGlobalIDString = 04908A72F43544EAA8B70870;
			remoteInfo = SplitView;
		};
		F3F5D6C71A56FBDC006D7F16 /* PBXContainerItemProxy */ = {
			isa = PBXContainerItemProxy;
			containerPortal = F3F5D6991A56FBDB006D7F16 /* GLFW.xcodeproj */;
			proxyType = 2;
			remoteGlobalIDString = D7FCB252B7834E52B257A45C;
			remoteInfo = Wave;
		};
		F3F5D6C91A56FBDC006D7F16 /* PBXContainerItemProxy */ = {
			isa = PBXContainerItemProxy;
			containerPortal = F3F5D6991A56FBDB006D7F16 /* GLFW.xcodeproj */;
			proxyType = 2;
			remoteGlobalIDString = CC29000F7518491EAFF7EAF1;
			remoteInfo = accuracy;
		};
		F3F5D6CB1A56FBDC006D7F16 /* PBXContainerItemProxy */ = {
			isa = PBXContainerItemProxy;
			containerPortal = F3F5D6991A56FBDB006D7F16 /* GLFW.xcodeproj */;
			proxyType = 2;
			remoteGlobalIDString = DFF4AAA81AC04738BBF9E59F;
			remoteInfo = clipboard;
		};
		F3F5D6CD1A56FBDC006D7F16 /* PBXContainerItemProxy */ = {
			isa = PBXContainerItemProxy;
			containerPortal = F3F5D6991A56FBDB006D7F16 /* GLFW.xcodeproj */;
			proxyType = 2;
			remoteGlobalIDString = D7C8688816A34FCD912CC3AB;
			remoteInfo = cursor;
		};
		F3F5D6CF1A56FBDC006D7F16 /* PBXContainerItemProxy */ = {
			isa = PBXContainerItemProxy;
			containerPortal = F3F5D6991A56FBDB006D7F16 /* GLFW.xcodeproj */;
			proxyType = 2;
			remoteGlobalIDString = 4BD983FC0EA24EDA92DD2627;
			remoteInfo = cursoranim;
		};
		F3F5D6D11A56FBDC006D7F16 /* PBXContainerItemProxy */ = {
			isa = PBXContainerItemProxy;
			containerPortal = F3F5D6991A56FBDB006D7F16 /* GLFW.xcodeproj */;
			proxyType = 2;
			remoteGlobalIDString = 5FDAB81C2BC941629ACC0DFB;
			remoteInfo = defaults;
		};
		F3F5D6D31A56FBDC006D7F16 /* PBXContainerItemProxy */ = {
			isa = PBXContainerItemProxy;
			containerPortal = F3F5D6991A56FBDB006D7F16 /* GLFW.xcodeproj */;
			proxyType = 2;
			remoteGlobalIDString = 260E3C9854F94605B3002327;
			remoteInfo = empty;
		};
		F3F5D6D51A56FBDC006D7F16 /* PBXContainerItemProxy */ = {
			isa = PBXContainerItemProxy;
			containerPortal = F3F5D6991A56FBDB006D7F16 /* GLFW.xcodeproj */;
			proxyType = 2;
			remoteGlobalIDString = 6DDCB2F5275C47B9AC326DCA;
			remoteInfo = events;
		};
		F3F5D6D71A56FBDC006D7F16 /* PBXContainerItemProxy */ = {
			isa = PBXContainerItemProxy;
			containerPortal = F3F5D6991A56FBDB006D7F16 /* GLFW.xcodeproj */;
			proxyType = 2;
			remoteGlobalIDString = 065C007FEF2A4E0781818B9B;
			remoteInfo = fsaa;
		};
		F3F5D6D91A56FBDC006D7F16 /* PBXContainerItemProxy */ = {
			isa = PBXContainerItemProxy;
			containerPortal = F3F5D6991A56FBDB006D7F16 /* GLFW.xcodeproj */;
			proxyType = 2;
			remoteGlobalIDString = BA8A4EA502E8493F81083006;
			remoteInfo = gamma;
		};
		F3F5D6DB1A56FBDC006D7F16 /* PBXContainerItemProxy */ = {
			isa = PBXContainerItemProxy;
			containerPortal = F3F5D6991A56FBDB006D7F16 /* GLFW.xcodeproj */;
			proxyType = 2;
			remoteGlobalIDString = 9BB1DCE7092241829F49C659;
			remoteInfo = glfwinfo;
		};
		F3F5D6DD1A56FBDC006D7F16 /* PBXContainerItemProxy */ = {
			isa = PBXContainerItemProxy;
			containerPortal = F3F5D6991A56FBDB006D7F16 /* GLFW.xcodeproj */;
			proxyType = 2;
			remoteGlobalIDString = 47F0609E9E2D46F28AC750DD;
			remoteInfo = iconify;
		};
		F3F5D6DF1A56FBDC006D7F16 /* PBXContainerItemProxy */ = {
			isa = PBXContainerItemProxy;
			containerPortal = F3F5D6991A56FBDB006D7F16 /* GLFW.xcodeproj */;
			proxyType = 2;
			remoteGlobalIDString = F0FBA2195E3A40CAA7EFF060;
			remoteInfo = joysticks;
		};
		F3F5D6E11A56FBDC006D7F16 /* PBXContainerItemProxy */ = {
			isa = PBXContainerItemProxy;
			containerPortal = F3F5D6991A56FBDB006D7F16 /* GLFW.xcodeproj */;
			proxyType = 2;
			remoteGlobalIDString = 66FBB42EFE4746DA87F31719;
			remoteInfo = modes;
		};
		F3F5D6E31A56FBDC006D7F16 /* PBXContainerItemProxy */ = {
			isa = PBXContainerItemProxy;
			containerPortal = F3F5D6991A56FBDB006D7F16 /* GLFW.xcodeproj */;
			proxyType = 2;
			remoteGlobalIDString = 37976D78370F46AC92254F5B;
			remoteInfo = peter;
		};
		F3F5D6E51A56FBDC006D7F16 /* PBXContainerItemProxy */ = {
			isa = PBXContainerItemProxy;
			containerPortal = F3F5D6991A56FBDB006D7F16 /* GLFW.xcodeproj */;
			proxyType = 2;
			remoteGlobalIDString = DD13D92482A04730A81F17DA;
			remoteInfo = reopen;
		};
		F3F5D6E71A56FBDC006D7F16 /* PBXContainerItemProxy */ = {
			isa = PBXContainerItemProxy;
			containerPortal = F3F5D6991A56FBDB006D7F16 /* GLFW.xcodeproj */;
			proxyType = 2;
			remoteGlobalIDString = A158F1A9FA9C40ACA7530300;
			remoteInfo = sharing;
		};
		F3F5D6E91A56FBDC006D7F16 /* PBXContainerItemProxy */ = {
			isa = PBXContainerItemProxy;
			containerPortal = F3F5D6991A56FBDB006D7F16 /* GLFW.xcodeproj */;
			proxyType = 2;
			remoteGlobalIDString = 969FF7B00CD345459B9B4490;
			remoteInfo = tearing;
		};
		F3F5D6EB1A56FBDC006D7F16 /* PBXContainerItemProxy */ = {
			isa = PBXContainerItemProxy;
			containerPortal = F3F5D6991A56FBDB006D7F16 /* GLFW.xcodeproj */;
			proxyType = 2;
			remoteGlobalIDString = A6A98981E90C46A6B805AB15;
			remoteInfo = threads;
		};
		F3F5D6ED1A56FBDC006D7F16 /* PBXContainerItemProxy */ = {
			isa = PBXContainerItemProxy;
			containerPortal = F3F5D6991A56FBDB006D7F16 /* GLFW.xcodeproj */;
			proxyType = 2;
			remoteGlobalIDString = 70E8236E0B734AA6B8C19894;
			remoteInfo = title;
		};
		F3F5D6EF1A56FBDC006D7F16 /* PBXContainerItemProxy */ = {
			isa = PBXContainerItemProxy;
			containerPortal = F3F5D6991A56FBDB006D7F16 /* GLFW.xcodeproj */;
			proxyType = 2;
			remoteGlobalIDString = 65C0D30E55E6498199FB5C4F;
			remoteInfo = windows;
		};
/* End PBXContainerItemProxy section */

/* Begin PBXFileReference section */
		F32393BE1A572148007BD168 /* Chipmunk7.xcodeproj */ = {isa = PBXFileReference; lastKnownFileType = "wrapper.pb-project"; name = Chipmunk7.xcodeproj; path = deps/Chipmunk2D/xcode/Chipmunk7.xcodeproj; sourceTree = "<group>"; };
		F39797071A5C7791007C3422 /* Component.h */ = {isa = PBXFileReference; lastKnownFileType = sourcecode.c.h; name = Component.h; path = src/Component.h; sourceTree = SOURCE_ROOT; };
		F39797081A5C77A0007C3422 /* Component.c */ = {isa = PBXFileReference; fileEncoding = 4; lastKnownFileType = sourcecode.c.c; name = Component.c; path = src/Component.c; sourceTree = SOURCE_ROOT; };
		F397970A1A5C7CDC007C3422 /* ComponentSystem.h */ = {isa = PBXFileReference; lastKnownFileType = sourcecode.c.h; name = ComponentSystem.h; path = src/ComponentSystem.h; sourceTree = SOURCE_ROOT; };
		F397970B1A5C7CF7007C3422 /* ComponentSystem.c */ = {isa = PBXFileReference; fileEncoding = 4; lastKnownFileType = sourcecode.c.c; name = ComponentSystem.c; path = src/ComponentSystem.c; sourceTree = SOURCE_ROOT; };
		F3C401D61A56E52800095ECD /* Blob Game.app */ = {isa = PBXFileReference; explicitFileType = wrapper.application; includeInIndex = 0; path = "Blob Game.app"; sourceTree = BUILT_PRODUCTS_DIR; };
		F3C401E91A56E52800095ECD /* Blob GameTests.xctest */ = {isa = PBXFileReference; explicitFileType = wrapper.cfbundle; includeInIndex = 0; path = "Blob GameTests.xctest"; sourceTree = BUILT_PRODUCTS_DIR; };
		F3C401EE1A56E52800095ECD /* Info.plist */ = {isa = PBXFileReference; lastKnownFileType = text.plist.xml; path = Info.plist; sourceTree = "<group>"; };
		F3F5D6341A56E8B4006D7F16 /* Images.xcassets */ = {isa = PBXFileReference; lastKnownFileType = folder.assetcatalog; name = Images.xcassets; path = src/mac/Images.xcassets; sourceTree = SOURCE_ROOT; };
		F3F5D6351A56E8B4006D7F16 /* Info.plist */ = {isa = PBXFileReference; fileEncoding = 4; lastKnownFileType = text.plist.xml; name = Info.plist; path = src/mac/Info.plist; sourceTree = SOURCE_ROOT; };
		F3F5D6801A56F4A9006D7F16 /* main.c */ = {isa = PBXFileReference; fileEncoding = 4; lastKnownFileType = sourcecode.c.c; name = main.c; path = src/main.c; sourceTree = SOURCE_ROOT; };
		F3F5D6821A56F562006D7F16 /* Common.xcodeproj */ = {isa = PBXFileReference; lastKnownFileType = "wrapper.pb-project"; name = Common.xcodeproj; path = deps/Common/Common.xcodeproj; sourceTree = "<group>"; };
		F3F5D68E1A56F5DA006D7F16 /* CommonC.framework */ = {isa = PBXFileReference; lastKnownFileType = wrapper.framework; name = CommonC.framework; path = "../../../../../Library/Developer/Xcode/DerivedData/Blob_Game-ftdhpyeuunmhwldillzwkfrvitku/Build/Products/Debug/CommonC.framework"; sourceTree = "<group>"; };
		F3F5D6951A56F73E006D7F16 /* tinycthread.c */ = {isa = PBXFileReference; fileEncoding = 4; lastKnownFileType = sourcecode.c.c; name = tinycthread.c; path = deps/tinycthread/source/tinycthread.c; sourceTree = SOURCE_ROOT; };
		F3F5D6961A56F73E006D7F16 /* tinycthread.h */ = {isa = PBXFileReference; fileEncoding = 4; lastKnownFileType = sourcecode.c.h; name = tinycthread.h; path = deps/tinycthread/source/tinycthread.h; sourceTree = SOURCE_ROOT; };
		F3F5D6991A56FBDB006D7F16 /* GLFW.xcodeproj */ = {isa = PBXFileReference; lastKnownFileType = "wrapper.pb-project"; name = GLFW.xcodeproj; path = deps/glfw/build/GLFW.xcodeproj; sourceTree = "<group>"; };
		F3F5D6F21A570093006D7F16 /* Cocoa.framework */ = {isa = PBXFileReference; lastKnownFileType = wrapper.framework; name = Cocoa.framework; path = System/Library/Frameworks/Cocoa.framework; sourceTree = SDKROOT; };
		F3F5D6F41A570099006D7F16 /* OpenGL.framework */ = {isa = PBXFileReference; lastKnownFileType = wrapper.framework; name = OpenGL.framework; path = System/Library/Frameworks/OpenGL.framework; sourceTree = SDKROOT; };
		F3F5D6F61A5700AB006D7F16 /* IOKit.framework */ = {isa = PBXFileReference; lastKnownFileType = wrapper.framework; name = IOKit.framework; path = System/Library/Frameworks/IOKit.framework; sourceTree = SDKROOT; };
		F3F5D6F81A5700B3006D7F16 /* CoreVideo.framework */ = {isa = PBXFileReference; lastKnownFileType = wrapper.framework; name = CoreVideo.framework; path = System/Library/Frameworks/CoreVideo.framework; sourceTree = SDKROOT; };
		F3F696A61A5C8E3800E486B5 /* stdatomic_clang.h */ = {isa = PBXFileReference; lastKnownFileType = sourcecode.c.h; name = stdatomic_clang.h; path = deps/stdatomic/stdatomic_clang.h; sourceTree = SOURCE_ROOT; };
		F3F696A71A5C8E3800E486B5 /* stdatomic_portable.h */ = {isa = PBXFileReference; lastKnownFileType = sourcecode.c.h; name = stdatomic_portable.h; path = deps/stdatomic/stdatomic_portable.h; sourceTree = SOURCE_ROOT; };
		F3F696D41A5D047400E486B5 /* ComponentTests.m */ = {isa = PBXFileReference; fileEncoding = 4; lastKnownFileType = sourcecode.c.objc; path = ComponentTests.m; sourceTree = "<group>"; };
		F3F6C4781A599A2300B9D6BA /* PlatformSetup_mac.m */ = {isa = PBXFileReference; fileEncoding = 4; lastKnownFileType = sourcecode.c.objc; name = PlatformSetup_mac.m; path = src/PlatformSetup_mac.m; sourceTree = SOURCE_ROOT; };
		F3F6C4A41A599A6200B9D6BA /* PlatformSetup.h */ = {isa = PBXFileReference; lastKnownFileType = sourcecode.c.h; name = PlatformSetup.h; path = src/PlatformSetup.h; sourceTree = SOURCE_ROOT; };
		F3F6C4A51A599AEA00B9D6BA /* GLSetup.h */ = {isa = PBXFileReference; lastKnownFileType = sourcecode.c.h; name = GLSetup.h; path = src/GLSetup.h; sourceTree = SOURCE_ROOT; };
		F3F6C4A61A599DB700B9D6BA /* PlatformSetup_win.c */ = {isa = PBXFileReference; fileEncoding = 4; lastKnownFileType = sourcecode.c.c; name = PlatformSetup_win.c; path = src/PlatformSetup_win.c; sourceTree = SOURCE_ROOT; };
		F3F6C4AA1A599DF800B9D6BA /* PlatformSetup_linux.c */ = {isa = PBXFileReference; fileEncoding = 4; lastKnownFileType = sourcecode.c.c; name = PlatformSetup_linux.c; path = src/PlatformSetup_linux.c; sourceTree = SOURCE_ROOT; };
		F3FF25311A58418800E437EB /* stdatomic.h */ = {isa = PBXFileReference; lastKnownFileType = sourcecode.c.h; name = stdatomic.h; path = deps/stdatomic/stdatomic.h; sourceTree = SOURCE_ROOT; };
/* End PBXFileReference section */

/* Begin PBXFrameworksBuildPhase section */
		F3C401D31A56E52800095ECD /* Frameworks */ = {
			isa = PBXFrameworksBuildPhase;
			buildActionMask = 2147483647;
			files = (
				F32393F71A572155007BD168 /* libChipmunk.a in Frameworks */,
				F3F5D6FA1A5700F3006D7F16 /* CoreVideo.framework in Frameworks */,
				F3F5D6FB1A5700F3006D7F16 /* IOKit.framework in Frameworks */,
				F3F5D6FC1A5700F3006D7F16 /* OpenGL.framework in Frameworks */,
				F3F5D6FD1A5700F3006D7F16 /* Cocoa.framework in Frameworks */,
				F3F5D6F11A56FC70006D7F16 /* libglfw3.a in Frameworks */,
				F3F5D68F1A56F5DA006D7F16 /* CommonC.framework in Frameworks */,
			);
			runOnlyForDeploymentPostprocessing = 0;
		};
		F3C401E61A56E52800095ECD /* Frameworks */ = {
			isa = PBXFrameworksBuildPhase;
			buildActionMask = 2147483647;
			files = (
			);
			runOnlyForDeploymentPostprocessing = 0;
		};
/* End PBXFrameworksBuildPhase section */

/* Begin PBXGroup section */
		F32393BF1A572148007BD168 /* Products */ = {
			isa = PBXGroup;
			children = (
				F32393C91A572148007BD168 /* ChipmunkDemo.app */,
				F32393CB1A572148007BD168 /* libChipmunk.a */,
				F32393CD1A572148007BD168 /* libChipmunk-iPhone.a */,
				F32393CF1A572148007BD168 /* Benchmark iPhone.app */,
				F32393D11A572148007BD168 /* libObjectiveChipmunk-iPhone.a */,
				F32393D31A572148007BD168 /* ObjectiveChipmunkTests.xctest */,
				F32393D51A572148007BD168 /* libObjectiveChipmunk.a */,
			);
			name = Products;
			sourceTree = "<group>";
		};
		F39796DD1A5C7748007C3422 /* Component System */ = {
			isa = PBXGroup;
			children = (
				F397970A1A5C7CDC007C3422 /* ComponentSystem.h */,
				F397970B1A5C7CF7007C3422 /* ComponentSystem.c */,
				F39797071A5C7791007C3422 /* Component.h */,
				F39797081A5C77A0007C3422 /* Component.c */,
			);
			name = "Component System";
			sourceTree = "<group>";
		};
		F3C401CD1A56E52800095ECD = {
			isa = PBXGroup;
			children = (
				F3F5D6911A56F723006D7F16 /* dependencies */,
				F3C401D81A56E52800095ECD /* Blob Game */,
				F3C401EC1A56E52800095ECD /* Blob GameTests */,
				F3C401D71A56E52800095ECD /* Products */,
			);
			sourceTree = "<group>";
		};
		F3C401D71A56E52800095ECD /* Products */ = {
			isa = PBXGroup;
			children = (
				F3C401D61A56E52800095ECD /* Blob Game.app */,
				F3C401E91A56E52800095ECD /* Blob GameTests.xctest */,
			);
			name = Products;
			sourceTree = "<group>";
		};
		F3C401D81A56E52800095ECD /* Blob Game */ = {
			isa = PBXGroup;
			children = (
				F3F5D6801A56F4A9006D7F16 /* main.c */,
				F39796DD1A5C7748007C3422 /* Component System */,
				F3F6C4A31A599A3C00B9D6BA /* Setup */,
				F3C401D91A56E52800095ECD /* Supporting Files */,
			);
			name = "Blob Game";
			path = src;
			sourceTree = "<group>";
		};
		F3C401D91A56E52800095ECD /* Supporting Files */ = {
			isa = PBXGroup;
			children = (
				F3F5D6341A56E8B4006D7F16 /* Images.xcassets */,
				F3F5D6351A56E8B4006D7F16 /* Info.plist */,
			);
			name = "Supporting Files";
			sourceTree = "<group>";
		};
		F3C401EC1A56E52800095ECD /* Blob GameTests */ = {
			isa = PBXGroup;
			children = (
				F3F696D31A5D041E00E486B5 /* Component System */,
				F3C401ED1A56E52800095ECD /* Supporting Files */,
			);
			path = "Blob GameTests";
			sourceTree = "<group>";
		};
		F3C401ED1A56E52800095ECD /* Supporting Files */ = {
			isa = PBXGroup;
			children = (
				F3C401EE1A56E52800095ECD /* Info.plist */,
			);
			name = "Supporting Files";
			sourceTree = "<group>";
		};
		F3F5D6831A56F562006D7F16 /* Products */ = {
			isa = PBXGroup;
			children = (
				F3F5D68B1A56F562006D7F16 /* Common.framework */,
				F3F5D68D1A56F562006D7F16 /* CommonTests.octest */,
			);
			name = Products;
			sourceTree = "<group>";
		};
		F3F5D6901A56F714006D7F16 /* tinycthread */ = {
			isa = PBXGroup;
			children = (
				F3F5D6951A56F73E006D7F16 /* tinycthread.c */,
				F3F5D6961A56F73E006D7F16 /* tinycthread.h */,
			);
			name = tinycthread;
			path = "Blob Game";
			sourceTree = "<group>";
		};
		F3F5D6911A56F723006D7F16 /* dependencies */ = {
			isa = PBXGroup;
			children = (
				F32393BE1A572148007BD168 /* Chipmunk7.xcodeproj */,
				F3F5D6F81A5700B3006D7F16 /* CoreVideo.framework */,
				F3F5D6F61A5700AB006D7F16 /* IOKit.framework */,
				F3F5D6F41A570099006D7F16 /* OpenGL.framework */,
				F3F5D6F21A570093006D7F16 /* Cocoa.framework */,
				F3F5D6991A56FBDB006D7F16 /* GLFW.xcodeproj */,
				F3F5D6981A56FA05006D7F16 /* stdatomic */,
				F3F5D6901A56F714006D7F16 /* tinycthread */,
				F3F5D68E1A56F5DA006D7F16 /* CommonC.framework */,
				F3F5D6821A56F562006D7F16 /* Common.xcodeproj */,
			);
			name = dependencies;
			sourceTree = "<group>";
		};
		F3F5D6981A56FA05006D7F16 /* stdatomic */ = {
			isa = PBXGroup;
			children = (
				F3FF25311A58418800E437EB /* stdatomic.h */,
				F3F696A61A5C8E3800E486B5 /* stdatomic_clang.h */,
				F3F696A71A5C8E3800E486B5 /* stdatomic_portable.h */,
			);
			name = stdatomic;
			path = "Blob Game";
			sourceTree = "<group>";
		};
		F3F5D69A1A56FBDB006D7F16 /* Products */ = {
			isa = PBXGroup;
			children = (
				F3F5D6BC1A56FBDC006D7F16 /* libglfw3.a */,
				F3F5D6BE1A56FBDC006D7F16 /* Boing.app */,
				F3F5D6C01A56FBDC006D7F16 /* Gears.app */,
				F3F5D6C21A56FBDC006D7F16 /* Particles.app */,
				F3F5D6C41A56FBDC006D7F16 /* Simple.app */,
				F3F5D6C61A56FBDC006D7F16 /* SplitView.app */,
				F3F5D6C81A56FBDC006D7F16 /* Wave.app */,
				F3F5D6CA1A56FBDC006D7F16 /* accuracy.app */,
				F3F5D6CC1A56FBDC006D7F16 /* clipboard */,
				F3F5D6CE1A56FBDC006D7F16 /* cursor */,
				F3F5D6D01A56FBDC006D7F16 /* cursoranim.app */,
				F3F5D6D21A56FBDC006D7F16 /* defaults */,
				F3F5D6D41A56FBDC006D7F16 /* empty.app */,
				F3F5D6D61A56FBDC006D7F16 /* events */,
				F3F5D6D81A56FBDC006D7F16 /* fsaa */,
				F3F5D6DA1A56FBDC006D7F16 /* gamma */,
				F3F5D6DC1A56FBDC006D7F16 /* glfwinfo */,
				F3F5D6DE1A56FBDC006D7F16 /* iconify */,
				F3F5D6E01A56FBDC006D7F16 /* joysticks */,
				F3F5D6E21A56FBDC006D7F16 /* modes */,
				F3F5D6E41A56FBDC006D7F16 /* peter */,
				F3F5D6E61A56FBDC006D7F16 /* reopen */,
				F3F5D6E81A56FBDC006D7F16 /* sharing.app */,
				F3F5D6EA1A56FBDC006D7F16 /* tearing.app */,
				F3F5D6EC1A56FBDC006D7F16 /* threads.app */,
				F3F5D6EE1A56FBDC006D7F16 /* title.app */,
				F3F5D6F01A56FBDC006D7F16 /* windows.app */,
			);
			name = Products;
			sourceTree = "<group>";
		};
		F3F696D31A5D041E00E486B5 /* Component System */ = {
			isa = PBXGroup;
			children = (
				F3F696D41A5D047400E486B5 /* ComponentTests.m */,
			);
			name = "Component System";
			sourceTree = "<group>";
		};
		F3F6C4A31A599A3C00B9D6BA /* Setup */ = {
			isa = PBXGroup;
			children = (
				F3F6C4A51A599AEA00B9D6BA /* GLSetup.h */,
				F3F6C4A41A599A6200B9D6BA /* PlatformSetup.h */,
				F3F6C4781A599A2300B9D6BA /* PlatformSetup_mac.m */,
				F3F6C4A61A599DB700B9D6BA /* PlatformSetup_win.c */,
				F3F6C4AA1A599DF800B9D6BA /* PlatformSetup_linux.c */,
			);
			name = Setup;
			sourceTree = "<group>";
		};
/* End PBXGroup section */

/* Begin PBXNativeTarget section */
		F3C401D51A56E52800095ECD /* Blob Game */ = {
			isa = PBXNativeTarget;
			buildConfigurationList = F3C401F31A56E52800095ECD /* Build configuration list for PBXNativeTarget "Blob Game" */;
			buildPhases = (
				F3C401D21A56E52800095ECD /* Sources */,
				F3C401D31A56E52800095ECD /* Frameworks */,
				F3C401D41A56E52800095ECD /* Resources */,
			);
			buildRules = (
			);
			dependencies = (
			);
			name = "Blob Game";
			productName = "Blob Game";
			productReference = F3C401D61A56E52800095ECD /* Blob Game.app */;
			productType = "com.apple.product-type.application";
		};
		F3C401E81A56E52800095ECD /* Blob GameTests */ = {
			isa = PBXNativeTarget;
			buildConfigurationList = F3C401F61A56E52800095ECD /* Build configuration list for PBXNativeTarget "Blob GameTests" */;
			buildPhases = (
				F3C401E51A56E52800095ECD /* Sources */,
				F3C401E61A56E52800095ECD /* Frameworks */,
				F3C401E71A56E52800095ECD /* Resources */,
			);
			buildRules = (
			);
			dependencies = (
				F3C401EB1A56E52800095ECD /* PBXTargetDependency */,
			);
			name = "Blob GameTests";
			productName = "Blob GameTests";
			productReference = F3C401E91A56E52800095ECD /* Blob GameTests.xctest */;
			productType = "com.apple.product-type.bundle.unit-test";
		};
/* End PBXNativeTarget section */

/* Begin PBXProject section */
		F3C401CE1A56E52800095ECD /* Project object */ = {
			isa = PBXProject;
			attributes = {
				LastUpgradeCheck = 0610;
				ORGANIZATIONNAME = "Stefan Johnson";
				TargetAttributes = {
					F3C401D51A56E52800095ECD = {
						CreatedOnToolsVersion = 6.1.1;
					};
					F3C401E81A56E52800095ECD = {
						CreatedOnToolsVersion = 6.1.1;
						TestTargetID = F3C401D51A56E52800095ECD;
					};
				};
			};
			buildConfigurationList = F3C401D11A56E52800095ECD /* Build configuration list for PBXProject "Blob Game" */;
			compatibilityVersion = "Xcode 3.2";
			developmentRegion = English;
			hasScannedForEncodings = 0;
			knownRegions = (
				en,
				Base,
			);
			mainGroup = F3C401CD1A56E52800095ECD;
			productRefGroup = F3C401D71A56E52800095ECD /* Products */;
			projectDirPath = "";
			projectReferences = (
				{
					ProductGroup = F32393BF1A572148007BD168 /* Products */;
					ProjectRef = F32393BE1A572148007BD168 /* Chipmunk7.xcodeproj */;
				},
				{
					ProductGroup = F3F5D6831A56F562006D7F16 /* Products */;
					ProjectRef = F3F5D6821A56F562006D7F16 /* Common.xcodeproj */;
				},
				{
					ProductGroup = F3F5D69A1A56FBDB006D7F16 /* Products */;
					ProjectRef = F3F5D6991A56FBDB006D7F16 /* GLFW.xcodeproj */;
				},
			);
			projectRoot = "";
			targets = (
				F3C401D51A56E52800095ECD /* Blob Game */,
				F3C401E81A56E52800095ECD /* Blob GameTests */,
			);
		};
/* End PBXProject section */

/* Begin PBXReferenceProxy section */
		F32393C91A572148007BD168 /* ChipmunkDemo.app */ = {
			isa = PBXReferenceProxy;
			fileType = wrapper.application;
			path = ChipmunkDemo.app;
			remoteRef = F32393C81A572148007BD168 /* PBXContainerItemProxy */;
			sourceTree = BUILT_PRODUCTS_DIR;
		};
		F32393CB1A572148007BD168 /* libChipmunk.a */ = {
			isa = PBXReferenceProxy;
			fileType = archive.ar;
			path = libChipmunk.a;
			remoteRef = F32393CA1A572148007BD168 /* PBXContainerItemProxy */;
			sourceTree = BUILT_PRODUCTS_DIR;
		};
		F32393CD1A572148007BD168 /* libChipmunk-iPhone.a */ = {
			isa = PBXReferenceProxy;
			fileType = archive.ar;
			path = "libChipmunk-iPhone.a";
			remoteRef = F32393CC1A572148007BD168 /* PBXContainerItemProxy */;
			sourceTree = BUILT_PRODUCTS_DIR;
		};
		F32393CF1A572148007BD168 /* Benchmark iPhone.app */ = {
			isa = PBXReferenceProxy;
			fileType = wrapper.application;
			path = "Benchmark iPhone.app";
			remoteRef = F32393CE1A572148007BD168 /* PBXContainerItemProxy */;
			sourceTree = BUILT_PRODUCTS_DIR;
		};
		F32393D11A572148007BD168 /* libObjectiveChipmunk-iPhone.a */ = {
			isa = PBXReferenceProxy;
			fileType = archive.ar;
			path = "libObjectiveChipmunk-iPhone.a";
			remoteRef = F32393D01A572148007BD168 /* PBXContainerItemProxy */;
			sourceTree = BUILT_PRODUCTS_DIR;
		};
		F32393D31A572148007BD168 /* ObjectiveChipmunkTests.xctest */ = {
			isa = PBXReferenceProxy;
			fileType = wrapper.cfbundle;
			path = ObjectiveChipmunkTests.xctest;
			remoteRef = F32393D21A572148007BD168 /* PBXContainerItemProxy */;
			sourceTree = BUILT_PRODUCTS_DIR;
		};
		F32393D51A572148007BD168 /* libObjectiveChipmunk.a */ = {
			isa = PBXReferenceProxy;
			fileType = archive.ar;
			path = libObjectiveChipmunk.a;
			remoteRef = F32393D41A572148007BD168 /* PBXContainerItemProxy */;
			sourceTree = BUILT_PRODUCTS_DIR;
		};
		F3F5D68B1A56F562006D7F16 /* Common.framework */ = {
			isa = PBXReferenceProxy;
			fileType = wrapper.framework;
			path = Common.framework;
			remoteRef = F3F5D68A1A56F562006D7F16 /* PBXContainerItemProxy */;
			sourceTree = BUILT_PRODUCTS_DIR;
		};
		F3F5D68D1A56F562006D7F16 /* CommonTests.octest */ = {
			isa = PBXReferenceProxy;
			fileType = wrapper.cfbundle;
			path = CommonTests.octest;
			remoteRef = F3F5D68C1A56F562006D7F16 /* PBXContainerItemProxy */;
			sourceTree = BUILT_PRODUCTS_DIR;
		};
		F3F5D6BC1A56FBDC006D7F16 /* libglfw3.a */ = {
			isa = PBXReferenceProxy;
			fileType = archive.ar;
			path = libglfw3.a;
			remoteRef = F3F5D6BB1A56FBDC006D7F16 /* PBXContainerItemProxy */;
			sourceTree = BUILT_PRODUCTS_DIR;
		};
		F3F5D6BE1A56FBDC006D7F16 /* Boing.app */ = {
			isa = PBXReferenceProxy;
			fileType = wrapper.application;
			path = Boing.app;
			remoteRef = F3F5D6BD1A56FBDC006D7F16 /* PBXContainerItemProxy */;
			sourceTree = BUILT_PRODUCTS_DIR;
		};
		F3F5D6C01A56FBDC006D7F16 /* Gears.app */ = {
			isa = PBXReferenceProxy;
			fileType = wrapper.application;
			path = Gears.app;
			remoteRef = F3F5D6BF1A56FBDC006D7F16 /* PBXContainerItemProxy */;
			sourceTree = BUILT_PRODUCTS_DIR;
		};
		F3F5D6C21A56FBDC006D7F16 /* Particles.app */ = {
			isa = PBXReferenceProxy;
			fileType = wrapper.application;
			path = Particles.app;
			remoteRef = F3F5D6C11A56FBDC006D7F16 /* PBXContainerItemProxy */;
			sourceTree = BUILT_PRODUCTS_DIR;
		};
		F3F5D6C41A56FBDC006D7F16 /* Simple.app */ = {
			isa = PBXReferenceProxy;
			fileType = wrapper.application;
			path = Simple.app;
			remoteRef = F3F5D6C31A56FBDC006D7F16 /* PBXContainerItemProxy */;
			sourceTree = BUILT_PRODUCTS_DIR;
		};
		F3F5D6C61A56FBDC006D7F16 /* SplitView.app */ = {
			isa = PBXReferenceProxy;
			fileType = wrapper.application;
			path = SplitView.app;
			remoteRef = F3F5D6C51A56FBDC006D7F16 /* PBXContainerItemProxy */;
			sourceTree = BUILT_PRODUCTS_DIR;
		};
		F3F5D6C81A56FBDC006D7F16 /* Wave.app */ = {
			isa = PBXReferenceProxy;
			fileType = wrapper.application;
			path = Wave.app;
			remoteRef = F3F5D6C71A56FBDC006D7F16 /* PBXContainerItemProxy */;
			sourceTree = BUILT_PRODUCTS_DIR;
		};
		F3F5D6CA1A56FBDC006D7F16 /* accuracy.app */ = {
			isa = PBXReferenceProxy;
			fileType = wrapper.application;
			path = accuracy.app;
			remoteRef = F3F5D6C91A56FBDC006D7F16 /* PBXContainerItemProxy */;
			sourceTree = BUILT_PRODUCTS_DIR;
		};
		F3F5D6CC1A56FBDC006D7F16 /* clipboard */ = {
			isa = PBXReferenceProxy;
			fileType = "compiled.mach-o.executable";
			path = clipboard;
			remoteRef = F3F5D6CB1A56FBDC006D7F16 /* PBXContainerItemProxy */;
			sourceTree = BUILT_PRODUCTS_DIR;
		};
		F3F5D6CE1A56FBDC006D7F16 /* cursor */ = {
			isa = PBXReferenceProxy;
			fileType = "compiled.mach-o.executable";
			path = cursor;
			remoteRef = F3F5D6CD1A56FBDC006D7F16 /* PBXContainerItemProxy */;
			sourceTree = BUILT_PRODUCTS_DIR;
		};
		F3F5D6D01A56FBDC006D7F16 /* cursoranim.app */ = {
			isa = PBXReferenceProxy;
			fileType = wrapper.application;
			path = cursoranim.app;
			remoteRef = F3F5D6CF1A56FBDC006D7F16 /* PBXContainerItemProxy */;
			sourceTree = BUILT_PRODUCTS_DIR;
		};
		F3F5D6D21A56FBDC006D7F16 /* defaults */ = {
			isa = PBXReferenceProxy;
			fileType = "compiled.mach-o.executable";
			path = defaults;
			remoteRef = F3F5D6D11A56FBDC006D7F16 /* PBXContainerItemProxy */;
			sourceTree = BUILT_PRODUCTS_DIR;
		};
		F3F5D6D41A56FBDC006D7F16 /* empty.app */ = {
			isa = PBXReferenceProxy;
			fileType = wrapper.application;
			path = empty.app;
			remoteRef = F3F5D6D31A56FBDC006D7F16 /* PBXContainerItemProxy */;
			sourceTree = BUILT_PRODUCTS_DIR;
		};
		F3F5D6D61A56FBDC006D7F16 /* events */ = {
			isa = PBXReferenceProxy;
			fileType = "compiled.mach-o.executable";
			path = events;
			remoteRef = F3F5D6D51A56FBDC006D7F16 /* PBXContainerItemProxy */;
			sourceTree = BUILT_PRODUCTS_DIR;
		};
		F3F5D6D81A56FBDC006D7F16 /* fsaa */ = {
			isa = PBXReferenceProxy;
			fileType = "compiled.mach-o.executable";
			path = fsaa;
			remoteRef = F3F5D6D71A56FBDC006D7F16 /* PBXContainerItemProxy */;
			sourceTree = BUILT_PRODUCTS_DIR;
		};
		F3F5D6DA1A56FBDC006D7F16 /* gamma */ = {
			isa = PBXReferenceProxy;
			fileType = "compiled.mach-o.executable";
			path = gamma;
			remoteRef = F3F5D6D91A56FBDC006D7F16 /* PBXContainerItemProxy */;
			sourceTree = BUILT_PRODUCTS_DIR;
		};
		F3F5D6DC1A56FBDC006D7F16 /* glfwinfo */ = {
			isa = PBXReferenceProxy;
			fileType = "compiled.mach-o.executable";
			path = glfwinfo;
			remoteRef = F3F5D6DB1A56FBDC006D7F16 /* PBXContainerItemProxy */;
			sourceTree = BUILT_PRODUCTS_DIR;
		};
		F3F5D6DE1A56FBDC006D7F16 /* iconify */ = {
			isa = PBXReferenceProxy;
			fileType = "compiled.mach-o.executable";
			path = iconify;
			remoteRef = F3F5D6DD1A56FBDC006D7F16 /* PBXContainerItemProxy */;
			sourceTree = BUILT_PRODUCTS_DIR;
		};
		F3F5D6E01A56FBDC006D7F16 /* joysticks */ = {
			isa = PBXReferenceProxy;
			fileType = "compiled.mach-o.executable";
			path = joysticks;
			remoteRef = F3F5D6DF1A56FBDC006D7F16 /* PBXContainerItemProxy */;
			sourceTree = BUILT_PRODUCTS_DIR;
		};
		F3F5D6E21A56FBDC006D7F16 /* modes */ = {
			isa = PBXReferenceProxy;
			fileType = "compiled.mach-o.executable";
			path = modes;
			remoteRef = F3F5D6E11A56FBDC006D7F16 /* PBXContainerItemProxy */;
			sourceTree = BUILT_PRODUCTS_DIR;
		};
		F3F5D6E41A56FBDC006D7F16 /* peter */ = {
			isa = PBXReferenceProxy;
			fileType = "compiled.mach-o.executable";
			path = peter;
			remoteRef = F3F5D6E31A56FBDC006D7F16 /* PBXContainerItemProxy */;
			sourceTree = BUILT_PRODUCTS_DIR;
		};
		F3F5D6E61A56FBDC006D7F16 /* reopen */ = {
			isa = PBXReferenceProxy;
			fileType = "compiled.mach-o.executable";
			path = reopen;
			remoteRef = F3F5D6E51A56FBDC006D7F16 /* PBXContainerItemProxy */;
			sourceTree = BUILT_PRODUCTS_DIR;
		};
		F3F5D6E81A56FBDC006D7F16 /* sharing.app */ = {
			isa = PBXReferenceProxy;
			fileType = wrapper.application;
			path = sharing.app;
			remoteRef = F3F5D6E71A56FBDC006D7F16 /* PBXContainerItemProxy */;
			sourceTree = BUILT_PRODUCTS_DIR;
		};
		F3F5D6EA1A56FBDC006D7F16 /* tearing.app */ = {
			isa = PBXReferenceProxy;
			fileType = wrapper.application;
			path = tearing.app;
			remoteRef = F3F5D6E91A56FBDC006D7F16 /* PBXContainerItemProxy */;
			sourceTree = BUILT_PRODUCTS_DIR;
		};
		F3F5D6EC1A56FBDC006D7F16 /* threads.app */ = {
			isa = PBXReferenceProxy;
			fileType = wrapper.application;
			path = threads.app;
			remoteRef = F3F5D6EB1A56FBDC006D7F16 /* PBXContainerItemProxy */;
			sourceTree = BUILT_PRODUCTS_DIR;
		};
		F3F5D6EE1A56FBDC006D7F16 /* title.app */ = {
			isa = PBXReferenceProxy;
			fileType = wrapper.application;
			path = title.app;
			remoteRef = F3F5D6ED1A56FBDC006D7F16 /* PBXContainerItemProxy */;
			sourceTree = BUILT_PRODUCTS_DIR;
		};
		F3F5D6F01A56FBDC006D7F16 /* windows.app */ = {
			isa = PBXReferenceProxy;
			fileType = wrapper.application;
			path = windows.app;
			remoteRef = F3F5D6EF1A56FBDC006D7F16 /* PBXContainerItemProxy */;
			sourceTree = BUILT_PRODUCTS_DIR;
		};
/* End PBXReferenceProxy section */

/* Begin PBXResourcesBuildPhase section */
		F3C401D41A56E52800095ECD /* Resources */ = {
			isa = PBXResourcesBuildPhase;
			buildActionMask = 2147483647;
			files = (
				F3F5D6381A56E8B4006D7F16 /* Images.xcassets in Resources */,
			);
			runOnlyForDeploymentPostprocessing = 0;
		};
		F3C401E71A56E52800095ECD /* Resources */ = {
			isa = PBXResourcesBuildPhase;
			buildActionMask = 2147483647;
			files = (
			);
			runOnlyForDeploymentPostprocessing = 0;
		};
/* End PBXResourcesBuildPhase section */

/* Begin PBXSourcesBuildPhase section */
		F3C401D21A56E52800095ECD /* Sources */ = {
			isa = PBXSourcesBuildPhase;
			buildActionMask = 2147483647;
			files = (
				F3F5D6811A56F4A9006D7F16 /* main.c in Sources */,
				F397970C1A5C7CF7007C3422 /* ComponentSystem.c in Sources */,
				F3F5D6971A56F73E006D7F16 /* tinycthread.c in Sources */,
				F3F6C4791A599A2300B9D6BA /* PlatformSetup_mac.m in Sources */,
				F39797091A5C77A0007C3422 /* Component.c in Sources */,
			);
			runOnlyForDeploymentPostprocessing = 0;
		};
		F3C401E51A56E52800095ECD /* Sources */ = {
			isa = PBXSourcesBuildPhase;
			buildActionMask = 2147483647;
			files = (
				F3F696D51A5D047400E486B5 /* ComponentTests.m in Sources */,
			);
			runOnlyForDeploymentPostprocessing = 0;
		};
/* End PBXSourcesBuildPhase section */

/* Begin PBXTargetDependency section */
		F3C401EB1A56E52800095ECD /* PBXTargetDependency */ = {
			isa = PBXTargetDependency;
			target = F3C401D51A56E52800095ECD /* Blob Game */;
			targetProxy = F3C401EA1A56E52800095ECD /* PBXContainerItemProxy */;
		};
/* End PBXTargetDependency section */

/* Begin XCBuildConfiguration section */
		F3C401F11A56E52800095ECD /* Debug */ = {
			isa = XCBuildConfiguration;
			buildSettings = {
				ALWAYS_SEARCH_USER_PATHS = NO;
				CLANG_CXX_LANGUAGE_STANDARD = "gnu++0x";
				CLANG_CXX_LIBRARY = "libc++";
				CLANG_ENABLE_MODULES = YES;
				CLANG_ENABLE_OBJC_ARC = YES;
				CLANG_WARN_BOOL_CONVERSION = YES;
				CLANG_WARN_CONSTANT_CONVERSION = YES;
				CLANG_WARN_DIRECT_OBJC_ISA_USAGE = YES_ERROR;
				CLANG_WARN_EMPTY_BODY = YES;
				CLANG_WARN_ENUM_CONVERSION = YES;
				CLANG_WARN_INT_CONVERSION = YES;
				CLANG_WARN_OBJC_ROOT_CLASS = YES_ERROR;
				CLANG_WARN_UNREACHABLE_CODE = YES;
				CLANG_WARN__DUPLICATE_METHOD_MATCH = YES;
				CODE_SIGN_IDENTITY = "-";
				COPY_PHASE_STRIP = NO;
				ENABLE_STRICT_OBJC_MSGSEND = YES;
				GCC_C_LANGUAGE_STANDARD = gnu99;
				GCC_DYNAMIC_NO_PIC = NO;
				GCC_OPTIMIZATION_LEVEL = 0;
				GCC_PREPROCESSOR_DEFINITIONS = (
					"DEBUG=1",
					"$(inherited)",
				);
				GCC_SYMBOLS_PRIVATE_EXTERN = NO;
				GCC_WARN_64_TO_32_BIT_CONVERSION = YES;
				GCC_WARN_ABOUT_RETURN_TYPE = YES_ERROR;
				GCC_WARN_UNDECLARED_SELECTOR = YES;
				GCC_WARN_UNINITIALIZED_AUTOS = YES_AGGRESSIVE;
				GCC_WARN_UNUSED_FUNCTION = YES;
				GCC_WARN_UNUSED_VARIABLE = YES;
				MACOSX_DEPLOYMENT_TARGET = 10.9;
				MTL_ENABLE_DEBUG_INFO = YES;
				ONLY_ACTIVE_ARCH = YES;
				SDKROOT = macosx;
			};
			name = Debug;
		};
		F3C401F21A56E52800095ECD /* Release */ = {
			isa = XCBuildConfiguration;
			buildSettings = {
				ALWAYS_SEARCH_USER_PATHS = NO;
				CLANG_CXX_LANGUAGE_STANDARD = "gnu++0x";
				CLANG_CXX_LIBRARY = "libc++";
				CLANG_ENABLE_MODULES = YES;
				CLANG_ENABLE_OBJC_ARC = YES;
				CLANG_WARN_BOOL_CONVERSION = YES;
				CLANG_WARN_CONSTANT_CONVERSION = YES;
				CLANG_WARN_DIRECT_OBJC_ISA_USAGE = YES_ERROR;
				CLANG_WARN_EMPTY_BODY = YES;
				CLANG_WARN_ENUM_CONVERSION = YES;
				CLANG_WARN_INT_CONVERSION = YES;
				CLANG_WARN_OBJC_ROOT_CLASS = YES_ERROR;
				CLANG_WARN_UNREACHABLE_CODE = YES;
				CLANG_WARN__DUPLICATE_METHOD_MATCH = YES;
				CODE_SIGN_IDENTITY = "-";
				COPY_PHASE_STRIP = YES;
				DEBUG_INFORMATION_FORMAT = "dwarf-with-dsym";
				ENABLE_NS_ASSERTIONS = NO;
				ENABLE_STRICT_OBJC_MSGSEND = YES;
				GCC_C_LANGUAGE_STANDARD = gnu99;
				GCC_WARN_64_TO_32_BIT_CONVERSION = YES;
				GCC_WARN_ABOUT_RETURN_TYPE = YES_ERROR;
				GCC_WARN_UNDECLARED_SELECTOR = YES;
				GCC_WARN_UNINITIALIZED_AUTOS = YES_AGGRESSIVE;
				GCC_WARN_UNUSED_FUNCTION = YES;
				GCC_WARN_UNUSED_VARIABLE = YES;
				MACOSX_DEPLOYMENT_TARGET = 10.9;
				MTL_ENABLE_DEBUG_INFO = NO;
				SDKROOT = macosx;
			};
			name = Release;
		};
		F3C401F41A56E52800095ECD /* Debug */ = {
			isa = XCBuildConfiguration;
			buildSettings = {
				ALWAYS_SEARCH_USER_PATHS = YES;
				ASSETCATALOG_COMPILER_APPICON_NAME = AppIcon;
				COMBINE_HIDPI_IMAGES = YES;
				FRAMEWORK_SEARCH_PATHS = (
					"$(inherited)",
					"$(USER_LIBRARY_DIR)/Developer/Xcode/DerivedData/Blob_Game-ftdhpyeuunmhwldillzwkfrvitku/Build/Products/Debug",
				);
				INFOPLIST_FILE = "$(SRCROOT)/src/mac/Info.plist";
				LD_RUNPATH_SEARCH_PATHS = "$(inherited) @executable_path/../Frameworks";
				PRODUCT_NAME = "$(TARGET_NAME)";
				USER_HEADER_SEARCH_PATHS = "$PROJECT_DIR/deps/stdatomic $PROJECT_DIR/deps/tinycthread/source $PROJECT_DIR/deps/glfw/include $PROJECT_DIR/deps/Chipmunk2D/include";
			};
			name = Debug;
		};
		F3C401F51A56E52800095ECD /* Release */ = {
			isa = XCBuildConfiguration;
			buildSettings = {
				ALWAYS_SEARCH_USER_PATHS = YES;
				ASSETCATALOG_COMPILER_APPICON_NAME = AppIcon;
				COMBINE_HIDPI_IMAGES = YES;
				FRAMEWORK_SEARCH_PATHS = (
					"$(inherited)",
					"$(USER_LIBRARY_DIR)/Developer/Xcode/DerivedData/Blob_Game-ftdhpyeuunmhwldillzwkfrvitku/Build/Products/Debug",
				);
				INFOPLIST_FILE = "$(SRCROOT)/src/mac/Info.plist";
				LD_RUNPATH_SEARCH_PATHS = "$(inherited) @executable_path/../Frameworks";
				PRODUCT_NAME = "$(TARGET_NAME)";
				USER_HEADER_SEARCH_PATHS = "$PROJECT_DIR/deps/stdatomic $PROJECT_DIR/deps/tinycthread/source $PROJECT_DIR/deps/glfw/include $PROJECT_DIR/deps/Chipmunk2D/include";
			};
			name = Release;
		};
		F3C401F71A56E52800095ECD /* Debug */ = {
			isa = XCBuildConfiguration;
			buildSettings = {
				BUNDLE_LOADER = "$(TEST_HOST)";
				COMBINE_HIDPI_IMAGES = YES;
				FRAMEWORK_SEARCH_PATHS = (
					"$(DEVELOPER_FRAMEWORKS_DIR)",
					"$(inherited)",
				);
				GCC_PREPROCESSOR_DEFINITIONS = (
					"DEBUG=1",
					"$(inherited)",
				);
				INFOPLIST_FILE = "Blob GameTests/Info.plist";
				LD_RUNPATH_SEARCH_PATHS = "$(inherited) @executable_path/../Frameworks @loader_path/../Frameworks";
				PRODUCT_NAME = "$(TARGET_NAME)";
				TEST_HOST = "$(BUILT_PRODUCTS_DIR)/Blob Game.app/Contents/MacOS/Blob Game";
			};
			name = Debug;
		};
		F3C401F81A56E52800095ECD /* Release */ = {
			isa = XCBuildConfiguration;
			buildSettings = {
				BUNDLE_LOADER = "$(TEST_HOST)";
				COMBINE_HIDPI_IMAGES = YES;
				FRAMEWORK_SEARCH_PATHS = (
					"$(DEVELOPER_FRAMEWORKS_DIR)",
					"$(inherited)",
				);
				INFOPLIST_FILE = "Blob GameTests/Info.plist";
				LD_RUNPATH_SEARCH_PATHS = "$(inherited) @executable_path/../Frameworks @loader_path/../Frameworks";
				PRODUCT_NAME = "$(TARGET_NAME)";
				TEST_HOST = "$(BUILT_PRODUCTS_DIR)/Blob Game.app/Contents/MacOS/Blob Game";
			};
			name = Release;
		};
/* End XCBuildConfiguration section */

/* Begin XCConfigurationList section */
		F3C401D11A56E52800095ECD /* Build configuration list for PBXProject "Blob Game" */ = {
			isa = XCConfigurationList;
			buildConfigurations = (
				F3C401F11A56E52800095ECD /* Debug */,
				F3C401F21A56E52800095ECD /* Release */,
			);
			defaultConfigurationIsVisible = 0;
			defaultConfigurationName = Release;
		};
		F3C401F31A56E52800095ECD /* Build configuration list for PBXNativeTarget "Blob Game" */ = {
			isa = XCConfigurationList;
			buildConfigurations = (
				F3C401F41A56E52800095ECD /* Debug */,
				F3C401F51A56E52800095ECD /* Release */,
			);
			defaultConfigurationIsVisible = 0;
			defaultConfigurationName = Release;
		};
		F3C401F61A56E52800095ECD /* Build configuration list for PBXNativeTarget "Blob GameTests" */ = {
			isa = XCConfigurationList;
			buildConfigurations = (
				F3C401F71A56E52800095ECD /* Debug */,
				F3C401F81A56E52800095ECD /* Release */,
			);
			defaultConfigurationIsVisible = 0;
			defaultConfigurationName = Release;
		};
/* End XCConfigurationList section */
	};
	rootObject = F3C401CE1A56E52800095ECD /* Project object */;
}
