// !$*UTF8*$!
{
	archiveVersion = 1;
	classes = {
	};
	objectVersion = 48;
	objects = {

/* Begin PBXBuildFile section */
		F3E746F8227C292A007690A2 /* shaders.metal in Sources */ = {isa = PBXBuildFile; fileRef = F3E746F7227C292A007690A2 /* shaders.metal */; };
/* End PBXBuildFile section */

/* Begin PBXFileReference section */
		F3E746F4227C292A007690A2 /* shaders.metallib */ = {isa = PBXFileReference; explicitFileType = "archive.metal-library"; includeInIndex = 0; path = shaders.metallib; sourceTree = BUILT_PRODUCTS_DIR; };
		F3E746F7227C292A007690A2 /* shaders.metal */ = {isa = PBXFileReference; lastKnownFileType = sourcecode.metal; path = shaders.metal; sourceTree = "<group>"; };
/* End PBXFileReference section */

/* Begin PBXGroup section */
		F3E746ED227C292A007690A2 = {
			isa = PBXGroup;
			children = (
				F3E746F6227C292A007690A2 /* shaders */,
				F3E746F5227C292A007690A2 /* Products */,
			);
			sourceTree = "<group>";
		};
		F3E746F5227C292A007690A2 /* Products */ = {
			isa = PBXGroup;
			children = (
				F3E746F4227C292A007690A2 /* shaders.metallib */,
			);
			name = Products;
			sourceTree = "<group>";
		};
		F3E746F6227C292A007690A2 /* shaders */ = {
			isa = PBXGroup;
			children = (
				F3E746F7227C292A007690A2 /* shaders.metal */,
			);
			path = shaders;
			sourceTree = "<group>";
		};
/* End PBXGroup section */

/* Begin PBXNativeTarget section */
		F3E746F3227C292A007690A2 /* shaders */ = {
			isa = PBXNativeTarget;
			buildConfigurationList = F3E746FB227C292A007690A2 /* Build configuration list for PBXNativeTarget "shaders" */;
			buildPhases = (
				F3E746F2227C292A007690A2 /* Sources */,
			);
			buildRules = (
			);
			dependencies = (
			);
			name = shaders;
			productName = shaders;
			productReference = F3E746F4227C292A007690A2 /* shaders.metallib */;
			productType = "com.apple.product-type.metal-library";
		};
/* End PBXNativeTarget section */

/* Begin PBXProject section */
		F3E746EE227C292A007690A2 /* Project object */ = {
			isa = PBXProject;
			attributes = {
				LastUpgradeCheck = 0920;
				ORGANIZATIONNAME = "Stefan Johnson";
				TargetAttributes = {
					F3E746F3227C292A007690A2 = {
						CreatedOnToolsVersion = 9.2;
						ProvisioningStyle = Automatic;
					};
				};
			};
			buildConfigurationList = F3E746F1227C292A007690A2 /* Build configuration list for PBXProject "shaders" */;
			compatibilityVersion = "Xcode 8.0";
			developmentRegion = en;
			hasScannedForEncodings = 0;
			knownRegions = (
				en,
			);
			mainGroup = F3E746ED227C292A007690A2;
			productRefGroup = F3E746F5227C292A007690A2 /* Products */;
			projectDirPath = "";
			projectRoot = "";
			targets = (
				F3E746F3227C292A007690A2 /* shaders */,
			);
		};
/* End PBXProject section */

/* Begin PBXSourcesBuildPhase section */
		F3E746F2227C292A007690A2 /* Sources */ = {
			isa = PBXSourcesBuildPhase;
			buildActionMask = 2147483647;
			files = (
				F3E746F8227C292A007690A2 /* shaders.metal in Sources */,
			);
			runOnlyForDeploymentPostprocessing = 0;
		};
/* End PBXSourcesBuildPhase section */

/* Begin XCBuildConfiguration section */
		F3E746F9227C292A007690A2 /* Debug */ = {
			isa = XCBuildConfiguration;
			buildSettings = {
				CODE_SIGN_IDENTITY = "-";
				MACOSX_DEPLOYMENT_TARGET = 10.13;
				MTL_ENABLE_DEBUG_INFO = YES;
				SDKROOT = macosx;
			};
			name = Debug;
		};
		F3E746FA227C292A007690A2 /* Release */ = {
			isa = XCBuildConfiguration;
			buildSettings = {
				CODE_SIGN_IDENTITY = "-";
				MACOSX_DEPLOYMENT_TARGET = 10.13;
				MTL_ENABLE_DEBUG_INFO = NO;
				SDKROOT = macosx;
			};
			name = Release;
		};
		F3E746FC227C292A007690A2 /* Debug */ = {
			isa = XCBuildConfiguration;
			buildSettings = {
				CODE_SIGN_STYLE = Automatic;
				PRODUCT_NAME = "$(TARGET_NAME)";
			};
			name = Debug;
		};
		F3E746FD227C292A007690A2 /* Release */ = {
			isa = XCBuildConfiguration;
			buildSettings = {
				CODE_SIGN_STYLE = Automatic;
				PRODUCT_NAME = "$(TARGET_NAME)";
			};
			name = Release;
		};
/* End XCBuildConfiguration section */

/* Begin XCConfigurationList section */
		F3E746F1227C292A007690A2 /* Build configuration list for PBXProject "shaders" */ = {
			isa = XCConfigurationList;
			buildConfigurations = (
				F3E746F9227C292A007690A2 /* Debug */,
				F3E746FA227C292A007690A2 /* Release */,
			);
			defaultConfigurationIsVisible = 0;
			defaultConfigurationName = Release;
		};
		F3E746FB227C292A007690A2 /* Build configuration list for PBXNativeTarget "shaders" */ = {
			isa = XCConfigurationList;
			buildConfigurations = (
				F3E746FC227C292A007690A2 /* Debug */,
				F3E746FD227C292A007690A2 /* Release */,
			);
			defaultConfigurationIsVisible = 0;
			defaultConfigurationName = Release;
		};
/* End XCConfigurationList section */
	};
	rootObject = F3E746EE227C292A007690A2 /* Project object */;
}
