// !$*UTF8*$!
{
	archiveVersion = 1;
	classes = {
	};
	objectVersion = 48;
	objects = {

/* Begin PBXBuildFile section */
		F344167F227DBFAF0034F169 /* FragmentColour.metal in Sources */ = {isa = PBXBuildFile; fileRef = F344167E227DBFAF0034F169 /* FragmentColour.metal */; };
		F3A9F0C4227F39DD00F52287 /* VertexColour.metal in Sources */ = {isa = PBXBuildFile; fileRef = F3A9F0C3227F39DD00F52287 /* VertexColour.metal */; };
		F3A9F0C6227F3B9300F52287 /* Texture2D.metal in Sources */ = {isa = PBXBuildFile; fileRef = F3A9F0C5227F3B9300F52287 /* Texture2D.metal */; };
		F3A9F0C8227F3E1500F52287 /* RoundedRect.metal in Sources */ = {isa = PBXBuildFile; fileRef = F3A9F0C7227F3E1500F52287 /* RoundedRect.metal */; };
		F3A9F0CA227F40C600F52287 /* OutlineRoundedRect.metal in Sources */ = {isa = PBXBuildFile; fileRef = F3A9F0C9227F40C600F52287 /* OutlineRoundedRect.metal */; };
		F3A9F0CC227F4F2B00F52287 /* glsl.metal in Sources */ = {isa = PBXBuildFile; fileRef = F3A9F0CB227F4F2B00F52287 /* glsl.metal */; };
		F3A9F0CE228040AF00F52287 /* Texture2DColour.metal in Sources */ = {isa = PBXBuildFile; fileRef = F3A9F0CD228040AF00F52287 /* Texture2DColour.metal */; };
		F3A9F0D02280412300F52287 /* SignedDistanceField.metal in Sources */ = {isa = PBXBuildFile; fileRef = F3A9F0CF2280412300F52287 /* SignedDistanceField.metal */; };
		F3E747F0227C930E007690A2 /* Core.metal in Sources */ = {isa = PBXBuildFile; fileRef = F3E747EF227C930E007690A2 /* Core.metal */; };
/* End PBXBuildFile section */

/* Begin PBXFileReference section */
		F344167E227DBFAF0034F169 /* FragmentColour.metal */ = {isa = PBXFileReference; lastKnownFileType = sourcecode.metal; path = FragmentColour.metal; sourceTree = "<group>"; };
		F3A9F0C3227F39DD00F52287 /* VertexColour.metal */ = {isa = PBXFileReference; lastKnownFileType = sourcecode.metal; path = VertexColour.metal; sourceTree = "<group>"; };
		F3A9F0C5227F3B9300F52287 /* Texture2D.metal */ = {isa = PBXFileReference; lastKnownFileType = sourcecode.metal; path = Texture2D.metal; sourceTree = "<group>"; };
		F3A9F0C7227F3E1500F52287 /* RoundedRect.metal */ = {isa = PBXFileReference; lastKnownFileType = sourcecode.metal; path = RoundedRect.metal; sourceTree = "<group>"; };
		F3A9F0C9227F40C600F52287 /* OutlineRoundedRect.metal */ = {isa = PBXFileReference; lastKnownFileType = sourcecode.metal; path = OutlineRoundedRect.metal; sourceTree = "<group>"; };
		F3A9F0CB227F4F2B00F52287 /* glsl.metal */ = {isa = PBXFileReference; lastKnownFileType = sourcecode.metal; path = glsl.metal; sourceTree = "<group>"; };
		F3A9F0CD228040AF00F52287 /* Texture2DColour.metal */ = {isa = PBXFileReference; lastKnownFileType = sourcecode.metal; path = Texture2DColour.metal; sourceTree = "<group>"; };
		F3A9F0CF2280412300F52287 /* SignedDistanceField.metal */ = {isa = PBXFileReference; lastKnownFileType = sourcecode.metal; path = SignedDistanceField.metal; sourceTree = "<group>"; };
		F3E747EC227C930E007690A2 /* CoreShaderLibrary.metallib */ = {isa = PBXFileReference; explicitFileType = "archive.metal-library"; includeInIndex = 0; path = CoreShaderLibrary.metallib; sourceTree = BUILT_PRODUCTS_DIR; };
		F3E747EF227C930E007690A2 /* Core.metal */ = {isa = PBXFileReference; lastKnownFileType = sourcecode.metal; path = Core.metal; sourceTree = "<group>"; };
/* End PBXFileReference section */

/* Begin PBXGroup section */
		F3E747E5227C930E007690A2 = {
			isa = PBXGroup;
			children = (
				F3E747EE227C930E007690A2 /* CoreShaderLibrary */,
				F3E747ED227C930E007690A2 /* Products */,
			);
			sourceTree = "<group>";
		};
		F3E747ED227C930E007690A2 /* Products */ = {
			isa = PBXGroup;
			children = (
				F3E747EC227C930E007690A2 /* CoreShaderLibrary.metallib */,
			);
			name = Products;
			sourceTree = "<group>";
		};
		F3E747EE227C930E007690A2 /* CoreShaderLibrary */ = {
			isa = PBXGroup;
			children = (
				F3A9F0CB227F4F2B00F52287 /* glsl.metal */,
				F3E747EF227C930E007690A2 /* Core.metal */,
				F344167E227DBFAF0034F169 /* FragmentColour.metal */,
				F3A9F0C3227F39DD00F52287 /* VertexColour.metal */,
				F3A9F0C5227F3B9300F52287 /* Texture2D.metal */,
				F3A9F0CD228040AF00F52287 /* Texture2DColour.metal */,
				F3A9F0CF2280412300F52287 /* SignedDistanceField.metal */,
				F3A9F0C7227F3E1500F52287 /* RoundedRect.metal */,
				F3A9F0C9227F40C600F52287 /* OutlineRoundedRect.metal */,
			);
			path = CoreShaderLibrary;
			sourceTree = "<group>";
		};
/* End PBXGroup section */

/* Begin PBXNativeTarget section */
		F3E747EB227C930E007690A2 /* CoreShaderLibrary */ = {
			isa = PBXNativeTarget;
			buildConfigurationList = F3E747F3227C930E007690A2 /* Build configuration list for PBXNativeTarget "CoreShaderLibrary" */;
			buildPhases = (
				F3E747EA227C930E007690A2 /* Sources */,
			);
			buildRules = (
			);
			dependencies = (
			);
			name = CoreShaderLibrary;
			productName = CoreShaderLibrary;
			productReference = F3E747EC227C930E007690A2 /* CoreShaderLibrary.metallib */;
			productType = "com.apple.product-type.metal-library";
		};
/* End PBXNativeTarget section */

/* Begin PBXProject section */
		F3E747E6227C930E007690A2 /* Project object */ = {
			isa = PBXProject;
			attributes = {
				LastUpgradeCheck = 0920;
				ORGANIZATIONNAME = "Stefan Johnson";
				TargetAttributes = {
					F3E747EB227C930E007690A2 = {
						CreatedOnToolsVersion = 9.2;
						ProvisioningStyle = Automatic;
					};
				};
			};
			buildConfigurationList = F3E747E9227C930E007690A2 /* Build configuration list for PBXProject "CoreShaderLibrary" */;
			compatibilityVersion = "Xcode 8.0";
			developmentRegion = en;
			hasScannedForEncodings = 0;
			knownRegions = (
				en,
			);
			mainGroup = F3E747E5227C930E007690A2;
			productRefGroup = F3E747ED227C930E007690A2 /* Products */;
			projectDirPath = "";
			projectRoot = "";
			targets = (
				F3E747EB227C930E007690A2 /* CoreShaderLibrary */,
			);
		};
/* End PBXProject section */

/* Begin PBXSourcesBuildPhase section */
		F3E747EA227C930E007690A2 /* Sources */ = {
			isa = PBXSourcesBuildPhase;
			buildActionMask = 2147483647;
			files = (
				F3E747F0227C930E007690A2 /* Core.metal in Sources */,
				F3A9F0CE228040AF00F52287 /* Texture2DColour.metal in Sources */,
				F3A9F0C8227F3E1500F52287 /* RoundedRect.metal in Sources */,
				F344167F227DBFAF0034F169 /* FragmentColour.metal in Sources */,
				F3A9F0C4227F39DD00F52287 /* VertexColour.metal in Sources */,
				F3A9F0CC227F4F2B00F52287 /* glsl.metal in Sources */,
				F3A9F0CA227F40C600F52287 /* OutlineRoundedRect.metal in Sources */,
				F3A9F0D02280412300F52287 /* SignedDistanceField.metal in Sources */,
				F3A9F0C6227F3B9300F52287 /* Texture2D.metal in Sources */,
			);
			runOnlyForDeploymentPostprocessing = 0;
		};
/* End PBXSourcesBuildPhase section */

/* Begin XCBuildConfiguration section */
		F3E747F1227C930E007690A2 /* Debug */ = {
			isa = XCBuildConfiguration;
			buildSettings = {
				CODE_SIGN_IDENTITY = "-";
				MACOSX_DEPLOYMENT_TARGET = 10.13;
				MTL_ENABLE_DEBUG_INFO = YES;
				SDKROOT = macosx;
			};
			name = Debug;
		};
		F3E747F2227C930E007690A2 /* Release */ = {
			isa = XCBuildConfiguration;
			buildSettings = {
				CODE_SIGN_IDENTITY = "-";
				MACOSX_DEPLOYMENT_TARGET = 10.13;
				MTL_ENABLE_DEBUG_INFO = NO;
				SDKROOT = macosx;
			};
			name = Release;
		};
		F3E747F4227C930E007690A2 /* Debug */ = {
			isa = XCBuildConfiguration;
			buildSettings = {
				CODE_SIGN_STYLE = Automatic;
				PRODUCT_NAME = "$(TARGET_NAME)";
			};
			name = Debug;
		};
		F3E747F5227C930E007690A2 /* Release */ = {
			isa = XCBuildConfiguration;
			buildSettings = {
				CODE_SIGN_STYLE = Automatic;
				PRODUCT_NAME = "$(TARGET_NAME)";
			};
			name = Release;
		};
/* End XCBuildConfiguration section */

/* Begin XCConfigurationList section */
		F3E747E9227C930E007690A2 /* Build configuration list for PBXProject "CoreShaderLibrary" */ = {
			isa = XCConfigurationList;
			buildConfigurations = (
				F3E747F1227C930E007690A2 /* Debug */,
				F3E747F2227C930E007690A2 /* Release */,
			);
			defaultConfigurationIsVisible = 0;
			defaultConfigurationName = Release;
		};
		F3E747F3227C930E007690A2 /* Build configuration list for PBXNativeTarget "CoreShaderLibrary" */ = {
			isa = XCConfigurationList;
			buildConfigurations = (
				F3E747F4227C930E007690A2 /* Debug */,
				F3E747F5227C930E007690A2 /* Release */,
			);
			defaultConfigurationIsVisible = 0;
			defaultConfigurationName = Release;
		};
/* End XCConfigurationList section */
	};
	rootObject = F3E747E6227C930E007690A2 /* Project object */;
}
